<?xml version="1.0" encoding="UTF-8"?>
<!DOCTYPE plist PUBLIC "-//Apple//DTD PLIST 1.0//EN" "http://www.apple.com/DTDs/PropertyList-1.0.dtd">
<plist version="1.0">
<dict>
	<key>archiveVersion</key>
	<string>1</string>
	<key>classes</key>
	<dict/>
	<key>objectVersion</key>
	<string>46</string>
	<key>objects</key>
	<dict>
		<key>1AA09992072C4AFC902F2C9E</key>
		<dict>
			<key>explicitFileType</key>
			<string>archive.ar</string>
			<key>includeInIndex</key>
			<string>0</string>
			<key>isa</key>
			<string>PBXFileReference</string>
			<key>path</key>
			<string>libPods.a</string>
			<key>sourceTree</key>
			<string>BUILT_PRODUCTS_DIR</string>
		</dict>
		<key>4CE40D8EC728401E845304BA</key>
		<dict>
			<key>fileRef</key>
			<string>1AA09992072C4AFC902F2C9E</string>
			<key>isa</key>
			<string>PBXBuildFile</string>
		</dict>
		<key>766D5E9C191567DB002DFDA3</key>
		<dict>
			<key>children</key>
			<array>
				<string>766D5EAE191567DC002DFDA3</string>
				<string>766D5ECD191567DC002DFDA3</string>
				<string>766D5EA7191567DC002DFDA3</string>
				<string>766D5EA6191567DC002DFDA3</string>
				<string>EE31D554E55447A4B4D532FE</string>
			</array>
			<key>isa</key>
			<string>PBXGroup</string>
			<key>sourceTree</key>
			<string>&lt;group&gt;</string>
		</dict>
		<key>766D5E9D191567DB002DFDA3</key>
		<dict>
			<key>attributes</key>
			<dict>
				<key>LastUpgradeCheck</key>
				<string>0510</string>
				<key>ORGANIZATIONNAME</key>
				<string>Scott Kensell</string>
				<key>TargetAttributes</key>
				<dict>
					<key>766D5EC5191567DC002DFDA3</key>
					<dict>
						<key>TestTargetID</key>
						<string>766D5EA4191567DC002DFDA3</string>
					</dict>
				</dict>
			</dict>
			<key>buildConfigurationList</key>
			<string>766D5EA0191567DC002DFDA3</string>
			<key>compatibilityVersion</key>
			<string>Xcode 3.2</string>
			<key>developmentRegion</key>
			<string>English</string>
			<key>hasScannedForEncodings</key>
			<string>0</string>
			<key>isa</key>
			<string>PBXProject</string>
			<key>knownRegions</key>
			<array>
				<string>en</string>
				<string>Base</string>
			</array>
			<key>mainGroup</key>
			<string>766D5E9C191567DB002DFDA3</string>
			<key>productRefGroup</key>
			<string>766D5EA6191567DC002DFDA3</string>
			<key>projectDirPath</key>
			<string></string>
			<key>projectReferences</key>
			<array/>
			<key>projectRoot</key>
			<string></string>
			<key>targets</key>
			<array>
				<string>766D5EA4191567DC002DFDA3</string>
				<string>766D5EC5191567DC002DFDA3</string>
			</array>
		</dict>
		<key>766D5EA0191567DC002DFDA3</key>
		<dict>
			<key>buildConfigurations</key>
			<array>
				<string>766D5ED5191567DC002DFDA3</string>
				<string>766D5ED6191567DC002DFDA3</string>
			</array>
			<key>defaultConfigurationIsVisible</key>
			<string>0</string>
			<key>defaultConfigurationName</key>
			<string>Release</string>
			<key>isa</key>
			<string>XCConfigurationList</string>
		</dict>
		<key>766D5EA1191567DC002DFDA3</key>
		<dict>
			<key>buildActionMask</key>
			<string>2147483647</string>
			<key>files</key>
			<array>
				<string>766D5F1419168290002DFDA3</string>
				<string>766D5EEF19158D2D002DFDA3</string>
				<string>766D5EFC19164267002DFDA3</string>
				<string>766D5F0019164BDD002DFDA3</string>
				<string>766D5EEC19158D2D002DFDA3</string>
				<string>766D5EB9191567DC002DFDA3</string>
				<string>766D5EF6191591A0002DFDA3</string>
				<string>766D5EF019158D2D002DFDA3</string>
				<string>766D5EEE19158D2D002DFDA3</string>
				<string>766D5F0E191680AD002DFDA3</string>
				<string>766D5EDF191585C4002DFDA3</string>
				<string>766D5EED19158D2D002DFDA3</string>
				<string>766D5F1119168224002DFDA3</string>
				<string>766D5EB5191567DC002DFDA3</string>
				<string>766D5F1719168501002DFDA3</string>
				<string>766D5F1C191685C1002DFDA3</string>
			</array>
			<key>isa</key>
			<string>PBXSourcesBuildPhase</string>
			<key>runOnlyForDeploymentPostprocessing</key>
			<string>0</string>
		</dict>
		<key>766D5EA2191567DC002DFDA3</key>
		<dict>
			<key>buildActionMask</key>
			<string>2147483647</string>
			<key>files</key>
			<array>
				<string>766D5EAB191567DC002DFDA3</string>
				<string>766D5EAD191567DC002DFDA3</string>
				<string>766D5EA9191567DC002DFDA3</string>
				<string>4CE40D8EC728401E845304BA</string>
			</array>
			<key>isa</key>
			<string>PBXFrameworksBuildPhase</string>
			<key>runOnlyForDeploymentPostprocessing</key>
			<string>0</string>
		</dict>
		<key>766D5EA3191567DC002DFDA3</key>
		<dict>
			<key>buildActionMask</key>
			<string>2147483647</string>
			<key>files</key>
			<array>
				<string>766D5EC1191567DC002DFDA3</string>
				<string>766D5EB3191567DC002DFDA3</string>
				<string>766D5EBC191567DC002DFDA3</string>
			</array>
			<key>isa</key>
			<string>PBXResourcesBuildPhase</string>
			<key>runOnlyForDeploymentPostprocessing</key>
			<string>0</string>
		</dict>
		<key>766D5EA4191567DC002DFDA3</key>
		<dict>
			<key>buildConfigurationList</key>
			<string>766D5ED7191567DC002DFDA3</string>
			<key>buildPhases</key>
			<array>
				<string>9B60677ED1E348DBAED323BC</string>
				<string>766D5EA1191567DC002DFDA3</string>
				<string>766D5EA2191567DC002DFDA3</string>
				<string>766D5EA3191567DC002DFDA3</string>
				<string>94EDBEC4C61549B2908D9AB4</string>
			</array>
			<key>buildRules</key>
			<array/>
			<key>dependencies</key>
			<array/>
			<key>isa</key>
			<string>PBXNativeTarget</string>
			<key>name</key>
			<string>TenMovies</string>
			<key>productName</key>
			<string>TenMovies</string>
			<key>productReference</key>
			<string>766D5EA5191567DC002DFDA3</string>
			<key>productType</key>
			<string>com.apple.product-type.application</string>
		</dict>
		<key>766D5EA5191567DC002DFDA3</key>
		<dict>
			<key>explicitFileType</key>
			<string>wrapper.application</string>
			<key>includeInIndex</key>
			<string>0</string>
			<key>isa</key>
			<string>PBXFileReference</string>
			<key>path</key>
			<string>TenMovies.app</string>
			<key>sourceTree</key>
			<string>BUILT_PRODUCTS_DIR</string>
		</dict>
		<key>766D5EA6191567DC002DFDA3</key>
		<dict>
			<key>children</key>
			<array>
				<string>766D5EA5191567DC002DFDA3</string>
				<string>766D5EC6191567DC002DFDA3</string>
			</array>
			<key>isa</key>
			<string>PBXGroup</string>
			<key>name</key>
			<string>Products</string>
			<key>sourceTree</key>
			<string>&lt;group&gt;</string>
		</dict>
		<key>766D5EA7191567DC002DFDA3</key>
		<dict>
			<key>children</key>
			<array>
				<string>766D5EA8191567DC002DFDA3</string>
				<string>766D5EAA191567DC002DFDA3</string>
				<string>766D5EAC191567DC002DFDA3</string>
				<string>766D5EC7191567DC002DFDA3</string>
				<string>1AA09992072C4AFC902F2C9E</string>
			</array>
			<key>isa</key>
			<string>PBXGroup</string>
			<key>name</key>
			<string>Frameworks</string>
			<key>sourceTree</key>
			<string>&lt;group&gt;</string>
		</dict>
		<key>766D5EA8191567DC002DFDA3</key>
		<dict>
			<key>isa</key>
			<string>PBXFileReference</string>
			<key>lastKnownFileType</key>
			<string>wrapper.framework</string>
			<key>name</key>
			<string>Foundation.framework</string>
			<key>path</key>
			<string>System/Library/Frameworks/Foundation.framework</string>
			<key>sourceTree</key>
			<string>SDKROOT</string>
		</dict>
		<key>766D5EA9191567DC002DFDA3</key>
		<dict>
			<key>fileRef</key>
			<string>766D5EA8191567DC002DFDA3</string>
			<key>isa</key>
			<string>PBXBuildFile</string>
		</dict>
		<key>766D5EAA191567DC002DFDA3</key>
		<dict>
			<key>isa</key>
			<string>PBXFileReference</string>
			<key>lastKnownFileType</key>
			<string>wrapper.framework</string>
			<key>name</key>
			<string>CoreGraphics.framework</string>
			<key>path</key>
			<string>System/Library/Frameworks/CoreGraphics.framework</string>
			<key>sourceTree</key>
			<string>SDKROOT</string>
		</dict>
		<key>766D5EAB191567DC002DFDA3</key>
		<dict>
			<key>fileRef</key>
			<string>766D5EAA191567DC002DFDA3</string>
			<key>isa</key>
			<string>PBXBuildFile</string>
		</dict>
		<key>766D5EAC191567DC002DFDA3</key>
		<dict>
			<key>isa</key>
			<string>PBXFileReference</string>
			<key>lastKnownFileType</key>
			<string>wrapper.framework</string>
			<key>name</key>
			<string>UIKit.framework</string>
			<key>path</key>
			<string>System/Library/Frameworks/UIKit.framework</string>
			<key>sourceTree</key>
			<string>SDKROOT</string>
		</dict>
		<key>766D5EAD191567DC002DFDA3</key>
		<dict>
			<key>fileRef</key>
			<string>766D5EAC191567DC002DFDA3</string>
			<key>isa</key>
			<string>PBXBuildFile</string>
		</dict>
		<key>766D5EAE191567DC002DFDA3</key>
		<dict>
			<key>children</key>
			<array>
				<string>766D5EB7191567DC002DFDA3</string>
				<string>766D5EB8191567DC002DFDA3</string>
				<string>766D5EF9191641C5002DFDA3</string>
				<string>766D5EFA19164267002DFDA3</string>
				<string>766D5EFB19164267002DFDA3</string>
				<string>766D5EFD19164499002DFDA3</string>
				<string>766D5EFE19164BDD002DFDA3</string>
				<string>766D5EFF19164BDD002DFDA3</string>
				<string>766D5F1819168505002DFDA3</string>
				<string>766D5EBA191567DC002DFDA3</string>
				<string>766D5F0B1916804C002DFDA3</string>
				<string>766D5EF719159316002DFDA3</string>
				<string>766D5EE0191585D3002DFDA3</string>
				<string>766D5EAF191567DC002DFDA3</string>
			</array>
			<key>isa</key>
			<string>PBXGroup</string>
			<key>path</key>
			<string>TenMovies</string>
			<key>sourceTree</key>
			<string>&lt;group&gt;</string>
		</dict>
		<key>766D5EAF191567DC002DFDA3</key>
		<dict>
			<key>children</key>
			<array>
				<string>766D5EC0191567DC002DFDA3</string>
				<string>766D5EB0191567DC002DFDA3</string>
				<string>766D5EB1191567DC002DFDA3</string>
				<string>766D5EB4191567DC002DFDA3</string>
				<string>766D5EB6191567DC002DFDA3</string>
			</array>
			<key>isa</key>
			<string>PBXGroup</string>
			<key>name</key>
			<string>Supporting Files</string>
			<key>sourceTree</key>
			<string>&lt;group&gt;</string>
		</dict>
		<key>766D5EB0191567DC002DFDA3</key>
		<dict>
			<key>isa</key>
			<string>PBXFileReference</string>
			<key>lastKnownFileType</key>
			<string>text.plist.xml</string>
			<key>path</key>
			<string>TenMovies-Info.plist</string>
			<key>sourceTree</key>
			<string>&lt;group&gt;</string>
		</dict>
		<key>766D5EB1191567DC002DFDA3</key>
		<dict>
			<key>children</key>
			<array>
				<string>766D5EB2191567DC002DFDA3</string>
			</array>
			<key>isa</key>
			<string>PBXVariantGroup</string>
			<key>name</key>
			<string>InfoPlist.strings</string>
			<key>sourceTree</key>
			<string>&lt;group&gt;</string>
		</dict>
		<key>766D5EB2191567DC002DFDA3</key>
		<dict>
			<key>isa</key>
			<string>PBXFileReference</string>
			<key>lastKnownFileType</key>
			<string>text.plist.strings</string>
			<key>name</key>
			<string>en</string>
			<key>path</key>
			<string>en.lproj/InfoPlist.strings</string>
			<key>sourceTree</key>
			<string>&lt;group&gt;</string>
		</dict>
		<key>766D5EB3191567DC002DFDA3</key>
		<dict>
			<key>fileRef</key>
			<string>766D5EB1191567DC002DFDA3</string>
			<key>isa</key>
			<string>PBXBuildFile</string>
		</dict>
		<key>766D5EB4191567DC002DFDA3</key>
		<dict>
			<key>isa</key>
			<string>PBXFileReference</string>
			<key>lastKnownFileType</key>
			<string>sourcecode.c.objc</string>
			<key>path</key>
			<string>main.m</string>
			<key>sourceTree</key>
			<string>&lt;group&gt;</string>
		</dict>
		<key>766D5EB5191567DC002DFDA3</key>
		<dict>
			<key>fileRef</key>
			<string>766D5EB4191567DC002DFDA3</string>
			<key>isa</key>
			<string>PBXBuildFile</string>
		</dict>
		<key>766D5EB6191567DC002DFDA3</key>
		<dict>
			<key>isa</key>
			<string>PBXFileReference</string>
			<key>lastKnownFileType</key>
			<string>sourcecode.c.h</string>
			<key>path</key>
			<string>TenMovies-Prefix.pch</string>
			<key>sourceTree</key>
			<string>&lt;group&gt;</string>
		</dict>
		<key>766D5EB7191567DC002DFDA3</key>
		<dict>
			<key>isa</key>
			<string>PBXFileReference</string>
			<key>lastKnownFileType</key>
			<string>sourcecode.c.h</string>
			<key>path</key>
			<string>AppDelegate.h</string>
			<key>sourceTree</key>
			<string>&lt;group&gt;</string>
		</dict>
		<key>766D5EB8191567DC002DFDA3</key>
		<dict>
			<key>isa</key>
			<string>PBXFileReference</string>
			<key>lastKnownFileType</key>
			<string>sourcecode.c.objc</string>
			<key>path</key>
			<string>AppDelegate.m</string>
			<key>sourceTree</key>
			<string>&lt;group&gt;</string>
		</dict>
		<key>766D5EB9191567DC002DFDA3</key>
		<dict>
			<key>fileRef</key>
			<string>766D5EB8191567DC002DFDA3</string>
			<key>isa</key>
			<string>PBXBuildFile</string>
		</dict>
		<key>766D5EBA191567DC002DFDA3</key>
		<dict>
			<key>children</key>
			<array>
				<string>766D5EBB191567DC002DFDA3</string>
			</array>
			<key>isa</key>
			<string>PBXVariantGroup</string>
			<key>name</key>
			<string>Main.storyboard</string>
			<key>sourceTree</key>
			<string>&lt;group&gt;</string>
		</dict>
		<key>766D5EBB191567DC002DFDA3</key>
		<dict>
			<key>isa</key>
			<string>PBXFileReference</string>
			<key>lastKnownFileType</key>
			<string>file.storyboard</string>
			<key>name</key>
			<string>Base</string>
			<key>path</key>
			<string>Base.lproj/Main.storyboard</string>
			<key>sourceTree</key>
			<string>&lt;group&gt;</string>
		</dict>
		<key>766D5EBC191567DC002DFDA3</key>
		<dict>
			<key>fileRef</key>
			<string>766D5EBA191567DC002DFDA3</string>
			<key>isa</key>
			<string>PBXBuildFile</string>
		</dict>
		<key>766D5EC0191567DC002DFDA3</key>
		<dict>
			<key>isa</key>
			<string>PBXFileReference</string>
			<key>lastKnownFileType</key>
			<string>folder.assetcatalog</string>
			<key>path</key>
			<string>Images.xcassets</string>
			<key>sourceTree</key>
			<string>&lt;group&gt;</string>
		</dict>
		<key>766D5EC1191567DC002DFDA3</key>
		<dict>
			<key>fileRef</key>
			<string>766D5EC0191567DC002DFDA3</string>
			<key>isa</key>
			<string>PBXBuildFile</string>
		</dict>
		<key>766D5EC2191567DC002DFDA3</key>
		<dict>
			<key>buildActionMask</key>
			<string>2147483647</string>
			<key>files</key>
			<array>
				<string>766D5ED4191567DC002DFDA3</string>
			</array>
			<key>isa</key>
			<string>PBXSourcesBuildPhase</string>
			<key>runOnlyForDeploymentPostprocessing</key>
			<string>0</string>
		</dict>
		<key>766D5EC3191567DC002DFDA3</key>
		<dict>
			<key>buildActionMask</key>
			<string>2147483647</string>
			<key>files</key>
			<array>
				<string>766D5EC8191567DC002DFDA3</string>
				<string>766D5ECA191567DC002DFDA3</string>
				<string>766D5EC9191567DC002DFDA3</string>
			</array>
			<key>isa</key>
			<string>PBXFrameworksBuildPhase</string>
			<key>runOnlyForDeploymentPostprocessing</key>
			<string>0</string>
		</dict>
		<key>766D5EC4191567DC002DFDA3</key>
		<dict>
			<key>buildActionMask</key>
			<string>2147483647</string>
			<key>files</key>
			<array>
				<string>766D5ED2191567DC002DFDA3</string>
			</array>
			<key>isa</key>
			<string>PBXResourcesBuildPhase</string>
			<key>runOnlyForDeploymentPostprocessing</key>
			<string>0</string>
		</dict>
		<key>766D5EC5191567DC002DFDA3</key>
		<dict>
			<key>buildConfigurationList</key>
			<string>766D5EDA191567DC002DFDA3</string>
			<key>buildPhases</key>
			<array>
				<string>766D5EC2191567DC002DFDA3</string>
				<string>766D5EC3191567DC002DFDA3</string>
				<string>766D5EC4191567DC002DFDA3</string>
			</array>
			<key>buildRules</key>
			<array/>
			<key>dependencies</key>
			<array>
				<string>766D5ECC191567DC002DFDA3</string>
			</array>
			<key>isa</key>
			<string>PBXNativeTarget</string>
			<key>name</key>
			<string>TenMoviesTests</string>
			<key>productName</key>
			<string>TenMoviesTests</string>
			<key>productReference</key>
			<string>766D5EC6191567DC002DFDA3</string>
			<key>productType</key>
			<string>com.apple.product-type.bundle.unit-test</string>
		</dict>
		<key>766D5EC6191567DC002DFDA3</key>
		<dict>
			<key>explicitFileType</key>
			<string>wrapper.cfbundle</string>
			<key>includeInIndex</key>
			<string>0</string>
			<key>isa</key>
			<string>PBXFileReference</string>
			<key>path</key>
			<string>TenMoviesTests.xctest</string>
			<key>sourceTree</key>
			<string>BUILT_PRODUCTS_DIR</string>
		</dict>
		<key>766D5EC7191567DC002DFDA3</key>
		<dict>
			<key>isa</key>
			<string>PBXFileReference</string>
			<key>lastKnownFileType</key>
			<string>wrapper.framework</string>
			<key>name</key>
			<string>XCTest.framework</string>
			<key>path</key>
			<string>Library/Frameworks/XCTest.framework</string>
			<key>sourceTree</key>
			<string>DEVELOPER_DIR</string>
		</dict>
		<key>766D5EC8191567DC002DFDA3</key>
		<dict>
			<key>fileRef</key>
			<string>766D5EC7191567DC002DFDA3</string>
			<key>isa</key>
			<string>PBXBuildFile</string>
		</dict>
		<key>766D5EC9191567DC002DFDA3</key>
		<dict>
			<key>fileRef</key>
			<string>766D5EA8191567DC002DFDA3</string>
			<key>isa</key>
			<string>PBXBuildFile</string>
		</dict>
		<key>766D5ECA191567DC002DFDA3</key>
		<dict>
			<key>fileRef</key>
			<string>766D5EAC191567DC002DFDA3</string>
			<key>isa</key>
			<string>PBXBuildFile</string>
		</dict>
		<key>766D5ECB191567DC002DFDA3</key>
		<dict>
			<key>containerPortal</key>
			<string>766D5E9D191567DB002DFDA3</string>
			<key>isa</key>
			<string>PBXContainerItemProxy</string>
			<key>proxyType</key>
			<string>1</string>
			<key>remoteGlobalIDString</key>
			<string>766D5EA4191567DC002DFDA3</string>
			<key>remoteInfo</key>
			<string>TenMovies</string>
		</dict>
		<key>766D5ECC191567DC002DFDA3</key>
		<dict>
			<key>isa</key>
			<string>PBXTargetDependency</string>
			<key>target</key>
			<string>766D5EA4191567DC002DFDA3</string>
			<key>targetProxy</key>
			<string>766D5ECB191567DC002DFDA3</string>
		</dict>
		<key>766D5ECD191567DC002DFDA3</key>
		<dict>
			<key>children</key>
			<array>
				<string>766D5ED3191567DC002DFDA3</string>
				<string>766D5ECE191567DC002DFDA3</string>
			</array>
			<key>isa</key>
			<string>PBXGroup</string>
			<key>path</key>
			<string>TenMoviesTests</string>
			<key>sourceTree</key>
			<string>&lt;group&gt;</string>
		</dict>
		<key>766D5ECE191567DC002DFDA3</key>
		<dict>
			<key>children</key>
			<array>
				<string>766D5ECF191567DC002DFDA3</string>
				<string>766D5ED0191567DC002DFDA3</string>
			</array>
			<key>isa</key>
			<string>PBXGroup</string>
			<key>name</key>
			<string>Supporting Files</string>
			<key>sourceTree</key>
			<string>&lt;group&gt;</string>
		</dict>
		<key>766D5ECF191567DC002DFDA3</key>
		<dict>
			<key>isa</key>
			<string>PBXFileReference</string>
			<key>lastKnownFileType</key>
			<string>text.plist.xml</string>
			<key>path</key>
			<string>TenMoviesTests-Info.plist</string>
			<key>sourceTree</key>
			<string>&lt;group&gt;</string>
		</dict>
		<key>766D5ED0191567DC002DFDA3</key>
		<dict>
			<key>children</key>
			<array>
				<string>766D5ED1191567DC002DFDA3</string>
			</array>
			<key>isa</key>
			<string>PBXVariantGroup</string>
			<key>name</key>
			<string>InfoPlist.strings</string>
			<key>sourceTree</key>
			<string>&lt;group&gt;</string>
		</dict>
		<key>766D5ED1191567DC002DFDA3</key>
		<dict>
			<key>isa</key>
			<string>PBXFileReference</string>
			<key>lastKnownFileType</key>
			<string>text.plist.strings</string>
			<key>name</key>
			<string>en</string>
			<key>path</key>
			<string>en.lproj/InfoPlist.strings</string>
			<key>sourceTree</key>
			<string>&lt;group&gt;</string>
		</dict>
		<key>766D5ED2191567DC002DFDA3</key>
		<dict>
			<key>fileRef</key>
			<string>766D5ED0191567DC002DFDA3</string>
			<key>isa</key>
			<string>PBXBuildFile</string>
		</dict>
		<key>766D5ED3191567DC002DFDA3</key>
		<dict>
			<key>isa</key>
			<string>PBXFileReference</string>
			<key>lastKnownFileType</key>
			<string>sourcecode.c.objc</string>
			<key>path</key>
			<string>TenMoviesTests.m</string>
			<key>sourceTree</key>
			<string>&lt;group&gt;</string>
		</dict>
		<key>766D5ED4191567DC002DFDA3</key>
		<dict>
			<key>fileRef</key>
			<string>766D5ED3191567DC002DFDA3</string>
			<key>isa</key>
			<string>PBXBuildFile</string>
		</dict>
		<key>766D5ED5191567DC002DFDA3</key>
		<dict>
			<key>buildSettings</key>
			<dict>
				<key>ALWAYS_SEARCH_USER_PATHS</key>
				<string>NO</string>
				<key>CLANG_CXX_LANGUAGE_STANDARD</key>
				<string>gnu++0x</string>
				<key>CLANG_CXX_LIBRARY</key>
				<string>libc++</string>
				<key>CLANG_ENABLE_MODULES</key>
				<string>YES</string>
				<key>CLANG_ENABLE_OBJC_ARC</key>
				<string>YES</string>
				<key>CLANG_WARN_BOOL_CONVERSION</key>
				<string>YES</string>
				<key>CLANG_WARN_CONSTANT_CONVERSION</key>
				<string>YES</string>
				<key>CLANG_WARN_DIRECT_OBJC_ISA_USAGE</key>
				<string>YES_ERROR</string>
				<key>CLANG_WARN_EMPTY_BODY</key>
				<string>YES</string>
				<key>CLANG_WARN_ENUM_CONVERSION</key>
				<string>YES</string>
				<key>CLANG_WARN_INT_CONVERSION</key>
				<string>YES</string>
				<key>CLANG_WARN_OBJC_ROOT_CLASS</key>
				<string>YES_ERROR</string>
				<key>CLANG_WARN__DUPLICATE_METHOD_MATCH</key>
				<string>YES</string>
				<key>CODE_SIGN_IDENTITY[sdk=iphoneos*]</key>
				<string>iPhone Developer</string>
				<key>COPY_PHASE_STRIP</key>
				<string>NO</string>
				<key>GCC_C_LANGUAGE_STANDARD</key>
				<string>gnu99</string>
				<key>GCC_DYNAMIC_NO_PIC</key>
				<string>NO</string>
				<key>GCC_OPTIMIZATION_LEVEL</key>
				<string>0</string>
				<key>GCC_PREPROCESSOR_DEFINITIONS</key>
				<array>
					<string>DEBUG=1</string>
					<string>$(inherited)</string>
				</array>
				<key>GCC_SYMBOLS_PRIVATE_EXTERN</key>
				<string>NO</string>
				<key>GCC_WARN_64_TO_32_BIT_CONVERSION</key>
				<string>YES</string>
				<key>GCC_WARN_ABOUT_RETURN_TYPE</key>
				<string>YES_ERROR</string>
				<key>GCC_WARN_UNDECLARED_SELECTOR</key>
				<string>YES</string>
				<key>GCC_WARN_UNINITIALIZED_AUTOS</key>
				<string>YES_AGGRESSIVE</string>
				<key>GCC_WARN_UNUSED_FUNCTION</key>
				<string>YES</string>
				<key>GCC_WARN_UNUSED_VARIABLE</key>
				<string>YES</string>
				<key>IPHONEOS_DEPLOYMENT_TARGET</key>
				<string>7.1</string>
				<key>ONLY_ACTIVE_ARCH</key>
				<string>YES</string>
				<key>SDKROOT</key>
				<string>iphoneos</string>
			</dict>
			<key>isa</key>
			<string>XCBuildConfiguration</string>
			<key>name</key>
			<string>Debug</string>
		</dict>
		<key>766D5ED6191567DC002DFDA3</key>
		<dict>
			<key>buildSettings</key>
			<dict>
				<key>ALWAYS_SEARCH_USER_PATHS</key>
				<string>NO</string>
				<key>CLANG_CXX_LANGUAGE_STANDARD</key>
				<string>gnu++0x</string>
				<key>CLANG_CXX_LIBRARY</key>
				<string>libc++</string>
				<key>CLANG_ENABLE_MODULES</key>
				<string>YES</string>
				<key>CLANG_ENABLE_OBJC_ARC</key>
				<string>YES</string>
				<key>CLANG_WARN_BOOL_CONVERSION</key>
				<string>YES</string>
				<key>CLANG_WARN_CONSTANT_CONVERSION</key>
				<string>YES</string>
				<key>CLANG_WARN_DIRECT_OBJC_ISA_USAGE</key>
				<string>YES_ERROR</string>
				<key>CLANG_WARN_EMPTY_BODY</key>
				<string>YES</string>
				<key>CLANG_WARN_ENUM_CONVERSION</key>
				<string>YES</string>
				<key>CLANG_WARN_INT_CONVERSION</key>
				<string>YES</string>
				<key>CLANG_WARN_OBJC_ROOT_CLASS</key>
				<string>YES_ERROR</string>
				<key>CLANG_WARN__DUPLICATE_METHOD_MATCH</key>
				<string>YES</string>
				<key>CODE_SIGN_IDENTITY[sdk=iphoneos*]</key>
				<string>iPhone Developer</string>
				<key>COPY_PHASE_STRIP</key>
				<string>YES</string>
				<key>ENABLE_NS_ASSERTIONS</key>
				<string>NO</string>
				<key>GCC_C_LANGUAGE_STANDARD</key>
				<string>gnu99</string>
				<key>GCC_WARN_64_TO_32_BIT_CONVERSION</key>
				<string>YES</string>
				<key>GCC_WARN_ABOUT_RETURN_TYPE</key>
				<string>YES_ERROR</string>
				<key>GCC_WARN_UNDECLARED_SELECTOR</key>
				<string>YES</string>
				<key>GCC_WARN_UNINITIALIZED_AUTOS</key>
				<string>YES_AGGRESSIVE</string>
				<key>GCC_WARN_UNUSED_FUNCTION</key>
				<string>YES</string>
				<key>GCC_WARN_UNUSED_VARIABLE</key>
				<string>YES</string>
				<key>IPHONEOS_DEPLOYMENT_TARGET</key>
				<string>7.1</string>
				<key>SDKROOT</key>
				<string>iphoneos</string>
				<key>VALIDATE_PRODUCT</key>
				<string>YES</string>
			</dict>
			<key>isa</key>
			<string>XCBuildConfiguration</string>
			<key>name</key>
			<string>Release</string>
		</dict>
		<key>766D5ED7191567DC002DFDA3</key>
		<dict>
			<key>buildConfigurations</key>
			<array>
				<string>766D5ED8191567DC002DFDA3</string>
				<string>766D5ED9191567DC002DFDA3</string>
			</array>
			<key>defaultConfigurationIsVisible</key>
			<string>0</string>
			<key>isa</key>
			<string>XCConfigurationList</string>
		</dict>
		<key>766D5ED8191567DC002DFDA3</key>
		<dict>
			<key>baseConfigurationReference</key>
			<string>EE31D554E55447A4B4D532FE</string>
			<key>buildSettings</key>
			<dict>
				<key>ASSETCATALOG_COMPILER_APPICON_NAME</key>
				<string>AppIcon</string>
				<key>ASSETCATALOG_COMPILER_LAUNCHIMAGE_NAME</key>
				<string>LaunchImage</string>
				<key>GCC_PRECOMPILE_PREFIX_HEADER</key>
				<string>YES</string>
				<key>GCC_PREFIX_HEADER</key>
				<string>TenMovies/TenMovies-Prefix.pch</string>
				<key>INFOPLIST_FILE</key>
				<string>TenMovies/TenMovies-Info.plist</string>
				<key>PRODUCT_NAME</key>
				<string>$(TARGET_NAME)</string>
				<key>WRAPPER_EXTENSION</key>
				<string>app</string>
			</dict>
			<key>isa</key>
			<string>XCBuildConfiguration</string>
			<key>name</key>
			<string>Debug</string>
		</dict>
		<key>766D5ED9191567DC002DFDA3</key>
		<dict>
			<key>baseConfigurationReference</key>
			<string>EE31D554E55447A4B4D532FE</string>
			<key>buildSettings</key>
			<dict>
				<key>ASSETCATALOG_COMPILER_APPICON_NAME</key>
				<string>AppIcon</string>
				<key>ASSETCATALOG_COMPILER_LAUNCHIMAGE_NAME</key>
				<string>LaunchImage</string>
				<key>GCC_PRECOMPILE_PREFIX_HEADER</key>
				<string>YES</string>
				<key>GCC_PREFIX_HEADER</key>
				<string>TenMovies/TenMovies-Prefix.pch</string>
				<key>INFOPLIST_FILE</key>
				<string>TenMovies/TenMovies-Info.plist</string>
				<key>PRODUCT_NAME</key>
				<string>$(TARGET_NAME)</string>
				<key>WRAPPER_EXTENSION</key>
				<string>app</string>
			</dict>
			<key>isa</key>
			<string>XCBuildConfiguration</string>
			<key>name</key>
			<string>Release</string>
		</dict>
		<key>766D5EDA191567DC002DFDA3</key>
		<dict>
			<key>buildConfigurations</key>
			<array>
				<string>766D5EDB191567DC002DFDA3</string>
				<string>766D5EDC191567DC002DFDA3</string>
			</array>
			<key>defaultConfigurationIsVisible</key>
			<string>0</string>
			<key>isa</key>
			<string>XCConfigurationList</string>
		</dict>
		<key>766D5EDB191567DC002DFDA3</key>
		<dict>
			<key>buildSettings</key>
			<dict>
				<key>BUNDLE_LOADER</key>
				<string>$(BUILT_PRODUCTS_DIR)/TenMovies.app/TenMovies</string>
				<key>FRAMEWORK_SEARCH_PATHS</key>
				<array>
					<string>$(SDKROOT)/Developer/Library/Frameworks</string>
					<string>$(inherited)</string>
					<string>$(DEVELOPER_FRAMEWORKS_DIR)</string>
				</array>
				<key>GCC_PRECOMPILE_PREFIX_HEADER</key>
				<string>YES</string>
				<key>GCC_PREFIX_HEADER</key>
				<string>TenMovies/TenMovies-Prefix.pch</string>
				<key>GCC_PREPROCESSOR_DEFINITIONS</key>
				<array>
					<string>DEBUG=1</string>
					<string>$(inherited)</string>
				</array>
				<key>INFOPLIST_FILE</key>
				<string>TenMoviesTests/TenMoviesTests-Info.plist</string>
				<key>PRODUCT_NAME</key>
				<string>$(TARGET_NAME)</string>
				<key>TEST_HOST</key>
				<string>$(BUNDLE_LOADER)</string>
				<key>WRAPPER_EXTENSION</key>
				<string>xctest</string>
			</dict>
			<key>isa</key>
			<string>XCBuildConfiguration</string>
			<key>name</key>
			<string>Debug</string>
		</dict>
		<key>766D5EDC191567DC002DFDA3</key>
		<dict>
			<key>buildSettings</key>
			<dict>
				<key>BUNDLE_LOADER</key>
				<string>$(BUILT_PRODUCTS_DIR)/TenMovies.app/TenMovies</string>
				<key>FRAMEWORK_SEARCH_PATHS</key>
				<array>
					<string>$(SDKROOT)/Developer/Library/Frameworks</string>
					<string>$(inherited)</string>
					<string>$(DEVELOPER_FRAMEWORKS_DIR)</string>
				</array>
				<key>GCC_PRECOMPILE_PREFIX_HEADER</key>
				<string>YES</string>
				<key>GCC_PREFIX_HEADER</key>
				<string>TenMovies/TenMovies-Prefix.pch</string>
				<key>INFOPLIST_FILE</key>
				<string>TenMoviesTests/TenMoviesTests-Info.plist</string>
				<key>PRODUCT_NAME</key>
				<string>$(TARGET_NAME)</string>
				<key>TEST_HOST</key>
				<string>$(BUNDLE_LOADER)</string>
				<key>WRAPPER_EXTENSION</key>
				<string>xctest</string>
			</dict>
			<key>isa</key>
			<string>XCBuildConfiguration</string>
			<key>name</key>
			<string>Release</string>
		</dict>
		<key>766D5EDD191585C4002DFDA3</key>
		<dict>
			<key>fileEncoding</key>
			<string>4</string>
			<key>isa</key>
			<string>PBXFileReference</string>
			<key>lastKnownFileType</key>
			<string>sourcecode.c.h</string>
			<key>name</key>
			<string>MovieFetcher.h</string>
			<key>path</key>
			<string>MovieFetcher/MovieFetcher.h</string>
			<key>sourceTree</key>
			<string>&lt;group&gt;</string>
		</dict>
		<key>766D5EDE191585C4002DFDA3</key>
		<dict>
			<key>fileEncoding</key>
			<string>4</string>
			<key>isa</key>
			<string>PBXFileReference</string>
			<key>lastKnownFileType</key>
			<string>sourcecode.c.objc</string>
			<key>name</key>
			<string>MovieFetcher.m</string>
			<key>path</key>
			<string>MovieFetcher/MovieFetcher.m</string>
			<key>sourceTree</key>
			<string>&lt;group&gt;</string>
		</dict>
		<key>766D5EDF191585C4002DFDA3</key>
		<dict>
			<key>fileRef</key>
			<string>766D5EDE191585C4002DFDA3</string>
			<key>isa</key>
			<string>PBXBuildFile</string>
		</dict>
		<key>766D5EE0191585D3002DFDA3</key>
		<dict>
			<key>children</key>
			<array>
				<string>766D5EE11915862A002DFDA3</string>
				<string>766D5EDD191585C4002DFDA3</string>
				<string>766D5EDE191585C4002DFDA3</string>
			</array>
			<key>isa</key>
			<string>PBXGroup</string>
			<key>name</key>
			<string>MovieFetcher</string>
			<key>sourceTree</key>
			<string>&lt;group&gt;</string>
		</dict>
		<key>766D5EE11915862A002DFDA3</key>
		<dict>
			<key>fileEncoding</key>
			<string>4</string>
			<key>isa</key>
			<string>PBXFileReference</string>
			<key>lastKnownFileType</key>
			<string>sourcecode.c.h</string>
			<key>name</key>
			<string>MovieFetcherAPIKey.h</string>
			<key>path</key>
			<string>MovieFetcher/MovieFetcherAPIKey.h</string>
			<key>sourceTree</key>
			<string>&lt;group&gt;</string>
		</dict>
		<key>766D5EE219158D2D002DFDA3</key>
		<dict>
			<key>fileEncoding</key>
			<string>4</string>
			<key>isa</key>
			<string>PBXFileReference</string>
			<key>lastKnownFileType</key>
			<string>sourcecode.c.h</string>
			<key>path</key>
			<string>NSArray+JSON.h</string>
			<key>sourceTree</key>
			<string>&lt;group&gt;</string>
		</dict>
		<key>766D5EE319158D2D002DFDA3</key>
		<dict>
			<key>fileEncoding</key>
			<string>4</string>
			<key>isa</key>
			<string>PBXFileReference</string>
			<key>lastKnownFileType</key>
			<string>sourcecode.c.objc</string>
			<key>path</key>
			<string>NSArray+JSON.m</string>
			<key>sourceTree</key>
			<string>&lt;group&gt;</string>
		</dict>
		<key>766D5EE419158D2D002DFDA3</key>
		<dict>
			<key>fileEncoding</key>
			<string>4</string>
			<key>isa</key>
			<string>PBXFileReference</string>
			<key>lastKnownFileType</key>
			<string>sourcecode.c.h</string>
			<key>path</key>
			<string>NSData+JSON.h</string>
			<key>sourceTree</key>
			<string>&lt;group&gt;</string>
		</dict>
		<key>766D5EE519158D2D002DFDA3</key>
		<dict>
			<key>fileEncoding</key>
			<string>4</string>
			<key>isa</key>
			<string>PBXFileReference</string>
			<key>lastKnownFileType</key>
			<string>sourcecode.c.objc</string>
			<key>path</key>
			<string>NSData+JSON.m</string>
			<key>sourceTree</key>
			<string>&lt;group&gt;</string>
		</dict>
		<key>766D5EE619158D2D002DFDA3</key>
		<dict>
			<key>fileEncoding</key>
			<string>4</string>
			<key>isa</key>
			<string>PBXFileReference</string>
			<key>lastKnownFileType</key>
			<string>sourcecode.c.h</string>
			<key>path</key>
			<string>NSDictionary+JSON.h</string>
			<key>sourceTree</key>
			<string>&lt;group&gt;</string>
		</dict>
		<key>766D5EE719158D2D002DFDA3</key>
		<dict>
			<key>fileEncoding</key>
			<string>4</string>
			<key>isa</key>
			<string>PBXFileReference</string>
			<key>lastKnownFileType</key>
			<string>sourcecode.c.objc</string>
			<key>path</key>
			<string>NSDictionary+JSON.m</string>
			<key>sourceTree</key>
			<string>&lt;group&gt;</string>
		</dict>
		<key>766D5EE819158D2D002DFDA3</key>
		<dict>
			<key>fileEncoding</key>
			<string>4</string>
			<key>isa</key>
			<string>PBXFileReference</string>
			<key>lastKnownFileType</key>
			<string>sourcecode.c.h</string>
			<key>path</key>
			<string>NSString+Contains.h</string>
			<key>sourceTree</key>
			<string>&lt;group&gt;</string>
		</dict>
		<key>766D5EE919158D2D002DFDA3</key>
		<dict>
			<key>fileEncoding</key>
			<string>4</string>
			<key>isa</key>
			<string>PBXFileReference</string>
			<key>lastKnownFileType</key>
			<string>sourcecode.c.objc</string>
			<key>path</key>
			<string>NSString+Contains.m</string>
			<key>sourceTree</key>
			<string>&lt;group&gt;</string>
		</dict>
		<key>766D5EEA19158D2D002DFDA3</key>
		<dict>
			<key>fileEncoding</key>
			<string>4</string>
			<key>isa</key>
			<string>PBXFileReference</string>
			<key>lastKnownFileType</key>
			<string>sourcecode.c.h</string>
			<key>path</key>
			<string>NSString+Trim.h</string>
			<key>sourceTree</key>
			<string>&lt;group&gt;</string>
		</dict>
		<key>766D5EEB19158D2D002DFDA3</key>
		<dict>
			<key>fileEncoding</key>
			<string>4</string>
			<key>isa</key>
			<string>PBXFileReference</string>
			<key>lastKnownFileType</key>
			<string>sourcecode.c.objc</string>
			<key>path</key>
			<string>NSString+Trim.m</string>
			<key>sourceTree</key>
			<string>&lt;group&gt;</string>
		</dict>
		<key>766D5EEC19158D2D002DFDA3</key>
		<dict>
			<key>fileRef</key>
			<string>766D5EE319158D2D002DFDA3</string>
			<key>isa</key>
			<string>PBXBuildFile</string>
		</dict>
		<key>766D5EED19158D2D002DFDA3</key>
		<dict>
			<key>fileRef</key>
			<string>766D5EE519158D2D002DFDA3</string>
			<key>isa</key>
			<string>PBXBuildFile</string>
		</dict>
		<key>766D5EEE19158D2D002DFDA3</key>
		<dict>
			<key>fileRef</key>
			<string>766D5EE719158D2D002DFDA3</string>
			<key>isa</key>
			<string>PBXBuildFile</string>
		</dict>
		<key>766D5EEF19158D2D002DFDA3</key>
		<dict>
			<key>fileRef</key>
			<string>766D5EE919158D2D002DFDA3</string>
			<key>isa</key>
			<string>PBXBuildFile</string>
		</dict>
		<key>766D5EF019158D2D002DFDA3</key>
		<dict>
			<key>fileRef</key>
			<string>766D5EEB19158D2D002DFDA3</string>
			<key>isa</key>
			<string>PBXBuildFile</string>
		</dict>
		<key>766D5EF119158D34002DFDA3</key>
		<dict>
			<key>children</key>
			<array>
				<string>766D5EE219158D2D002DFDA3</string>
				<string>766D5EE319158D2D002DFDA3</string>
				<string>766D5EE419158D2D002DFDA3</string>
				<string>766D5EE519158D2D002DFDA3</string>
				<string>766D5EE619158D2D002DFDA3</string>
				<string>766D5EE719158D2D002DFDA3</string>
				<string>766D5EE819158D2D002DFDA3</string>
				<string>766D5EE919158D2D002DFDA3</string>
				<string>766D5EEA19158D2D002DFDA3</string>
				<string>766D5EEB19158D2D002DFDA3</string>
			</array>
			<key>isa</key>
			<string>PBXGroup</string>
			<key>name</key>
			<string>Categories</string>
			<key>sourceTree</key>
			<string>&lt;group&gt;</string>
		</dict>
		<key>766D5EF319158F29002DFDA3</key>
		<dict>
			<key>fileEncoding</key>
			<string>4</string>
			<key>isa</key>
			<string>PBXFileReference</string>
			<key>lastKnownFileType</key>
			<string>sourcecode.c.h</string>
			<key>path</key>
			<string>Logging.h</string>
			<key>sourceTree</key>
			<string>&lt;group&gt;</string>
		</dict>
		<key>766D5EF4191591A0002DFDA3</key>
		<dict>
			<key>fileEncoding</key>
			<string>4</string>
			<key>isa</key>
			<string>PBXFileReference</string>
			<key>lastKnownFileType</key>
			<string>sourcecode.c.h</string>
			<key>path</key>
			<string>TextHelper.h</string>
			<key>sourceTree</key>
			<string>&lt;group&gt;</string>
		</dict>
		<key>766D5EF5191591A0002DFDA3</key>
		<dict>
			<key>fileEncoding</key>
			<string>4</string>
			<key>isa</key>
			<string>PBXFileReference</string>
			<key>lastKnownFileType</key>
			<string>sourcecode.c.objc</string>
			<key>path</key>
			<string>TextHelper.m</string>
			<key>sourceTree</key>
			<string>&lt;group&gt;</string>
		</dict>
		<key>766D5EF6191591A0002DFDA3</key>
		<dict>
			<key>fileRef</key>
			<string>766D5EF5191591A0002DFDA3</string>
			<key>isa</key>
			<string>PBXBuildFile</string>
		</dict>
		<key>766D5EF719159316002DFDA3</key>
		<dict>
			<key>children</key>
			<array>
				<string>766D5EF319158F29002DFDA3</string>
				<string>766D5EF4191591A0002DFDA3</string>
				<string>766D5EF5191591A0002DFDA3</string>
				<string>766D5EF119158D34002DFDA3</string>
			</array>
			<key>isa</key>
			<string>PBXGroup</string>
			<key>name</key>
			<string>Convenience</string>
			<key>sourceTree</key>
			<string>&lt;group&gt;</string>
		</dict>
		<key>766D5EF9191641C5002DFDA3</key>
		<dict>
			<key>fileEncoding</key>
			<string>4</string>
			<key>isa</key>
			<string>PBXFileReference</string>
			<key>lastKnownFileType</key>
			<string>sourcecode.c.h</string>
			<key>path</key>
			<string>AppDelegate_Private.h</string>
			<key>sourceTree</key>
			<string>&lt;group&gt;</string>
		</dict>
		<key>766D5EFA19164267002DFDA3</key>
		<dict>
			<key>fileEncoding</key>
			<string>4</string>
			<key>isa</key>
			<string>PBXFileReference</string>
			<key>lastKnownFileType</key>
			<string>sourcecode.c.h</string>
			<key>path</key>
			<string>AppDelegate+Database.h</string>
			<key>sourceTree</key>
			<string>&lt;group&gt;</string>
		</dict>
		<key>766D5EFB19164267002DFDA3</key>
		<dict>
			<key>fileEncoding</key>
			<string>4</string>
			<key>isa</key>
			<string>PBXFileReference</string>
			<key>lastKnownFileType</key>
			<string>sourcecode.c.objc</string>
			<key>path</key>
			<string>AppDelegate+Database.m</string>
			<key>sourceTree</key>
			<string>&lt;group&gt;</string>
		</dict>
		<key>766D5EFC19164267002DFDA3</key>
		<dict>
			<key>fileRef</key>
			<string>766D5EFB19164267002DFDA3</string>
			<key>isa</key>
			<string>PBXBuildFile</string>
		</dict>
		<key>766D5EFD19164499002DFDA3</key>
		<dict>
			<key>fileEncoding</key>
			<string>4</string>
			<key>isa</key>
			<string>PBXFileReference</string>
			<key>lastKnownFileType</key>
			<string>sourcecode.c.h</string>
			<key>path</key>
			<string>DatabaseAvailabilityNotification.h</string>
			<key>sourceTree</key>
			<string>&lt;group&gt;</string>
		</dict>
		<key>766D5EFE19164BDD002DFDA3</key>
		<dict>
			<key>fileEncoding</key>
			<string>4</string>
			<key>isa</key>
			<string>PBXFileReference</string>
			<key>lastKnownFileType</key>
			<string>sourcecode.c.h</string>
			<key>path</key>
			<string>AppDelegate+MovieFetcher.h</string>
			<key>sourceTree</key>
			<string>&lt;group&gt;</string>
		</dict>
		<key>766D5EFF19164BDD002DFDA3</key>
		<dict>
			<key>fileEncoding</key>
			<string>4</string>
			<key>isa</key>
			<string>PBXFileReference</string>
			<key>lastKnownFileType</key>
			<string>sourcecode.c.objc</string>
			<key>path</key>
			<string>AppDelegate+MovieFetcher.m</string>
			<key>sourceTree</key>
			<string>&lt;group&gt;</string>
		</dict>
		<key>766D5F0019164BDD002DFDA3</key>
		<dict>
			<key>fileRef</key>
			<string>766D5EFF19164BDD002DFDA3</string>
			<key>isa</key>
			<string>PBXBuildFile</string>
		</dict>
		<key>766D5F0B1916804C002DFDA3</key>
		<dict>
			<key>children</key>
			<array>
				<string>766D5F0C191680AD002DFDA3</string>
				<string>766D5F0F19168224002DFDA3</string>
				<string>766D5F1019168224002DFDA3</string>
				<string>766D5F1219168290002DFDA3</string>
				<string>766D5F1319168290002DFDA3</string>
			</array>
			<key>isa</key>
			<string>PBXGroup</string>
			<key>name</key>
			<string>Core Data Model</string>
			<key>sourceTree</key>
			<string>&lt;group&gt;</string>
		</dict>
		<key>766D5F0C191680AD002DFDA3</key>
		<dict>
			<key>children</key>
			<array>
				<string>766D5F0D191680AD002DFDA3</string>
			</array>
			<key>currentVersion</key>
			<string>766D5F0D191680AD002DFDA3</string>
			<key>isa</key>
			<string>XCVersionGroup</string>
			<key>path</key>
			<string>TenMovies.xcdatamodeld</string>
			<key>sourceTree</key>
			<string>&lt;group&gt;</string>
			<key>versionGroupType</key>
			<string>wrapper.xcdatamodel</string>
		</dict>
		<key>766D5F0D191680AD002DFDA3</key>
		<dict>
			<key>isa</key>
			<string>PBXFileReference</string>
			<key>lastKnownFileType</key>
			<string>wrapper.xcdatamodel</string>
			<key>path</key>
			<string>TenMovies.xcdatamodel</string>
			<key>sourceTree</key>
			<string>&lt;group&gt;</string>
		</dict>
		<key>766D5F0E191680AD002DFDA3</key>
		<dict>
			<key>fileRef</key>
			<string>766D5F0C191680AD002DFDA3</string>
			<key>isa</key>
			<string>PBXBuildFile</string>
		</dict>
		<key>766D5F0F19168224002DFDA3</key>
		<dict>
			<key>fileEncoding</key>
			<string>4</string>
			<key>isa</key>
			<string>PBXFileReference</string>
			<key>lastKnownFileType</key>
			<string>sourcecode.c.h</string>
			<key>path</key>
			<string>Movie.h</string>
			<key>sourceTree</key>
			<string>&lt;group&gt;</string>
		</dict>
		<key>766D5F1019168224002DFDA3</key>
		<dict>
			<key>fileEncoding</key>
			<string>4</string>
			<key>isa</key>
			<string>PBXFileReference</string>
			<key>lastKnownFileType</key>
			<string>sourcecode.c.objc</string>
			<key>path</key>
			<string>Movie.m</string>
			<key>sourceTree</key>
			<string>&lt;group&gt;</string>
		</dict>
		<key>766D5F1119168224002DFDA3</key>
		<dict>
			<key>fileRef</key>
			<string>766D5F1019168224002DFDA3</string>
			<key>isa</key>
			<string>PBXBuildFile</string>
		</dict>
		<key>766D5F1219168290002DFDA3</key>
		<dict>
			<key>fileEncoding</key>
			<string>4</string>
			<key>isa</key>
			<string>PBXFileReference</string>
			<key>lastKnownFileType</key>
			<string>sourcecode.c.h</string>
			<key>path</key>
			<string>Movie+Create.h</string>
			<key>sourceTree</key>
			<string>&lt;group&gt;</string>
		</dict>
		<key>766D5F1319168290002DFDA3</key>
		<dict>
			<key>fileEncoding</key>
			<string>4</string>
			<key>isa</key>
			<string>PBXFileReference</string>
			<key>lastKnownFileType</key>
			<string>sourcecode.c.objc</string>
			<key>path</key>
			<string>Movie+Create.m</string>
			<key>sourceTree</key>
			<string>&lt;group&gt;</string>
		</dict>
		<key>766D5F1419168290002DFDA3</key>
		<dict>
			<key>fileRef</key>
			<string>766D5F1319168290002DFDA3</string>
			<key>isa</key>
			<string>PBXBuildFile</string>
		</dict>
		<key>766D5F1519168501002DFDA3</key>
		<dict>
			<key>fileEncoding</key>
			<string>4</string>
			<key>isa</key>
			<string>PBXFileReference</string>
			<key>lastKnownFileType</key>
			<string>sourcecode.c.h</string>
			<key>path</key>
			<string>CoreDataTableViewController.h</string>
			<key>sourceTree</key>
			<string>&lt;group&gt;</string>
		</dict>
		<key>766D5F1619168501002DFDA3</key>
		<dict>
			<key>fileEncoding</key>
			<string>4</string>
			<key>isa</key>
			<string>PBXFileReference</string>
			<key>lastKnownFileType</key>
			<string>sourcecode.c.objc</string>
			<key>path</key>
			<string>CoreDataTableViewController.m</string>
			<key>sourceTree</key>
			<string>&lt;group&gt;</string>
		</dict>
		<key>766D5F1719168501002DFDA3</key>
		<dict>
			<key>fileRef</key>
			<string>766D5F1619168501002DFDA3</string>
			<key>isa</key>
			<string>PBXBuildFile</string>
		</dict>
		<key>766D5F1819168505002DFDA3</key>
		<dict>
			<key>children</key>
			<array>
				<string>766D5F1919168517002DFDA3</string>
			</array>
			<key>isa</key>
			<string>PBXGroup</string>
			<key>name</key>
			<string>Controller</string>
			<key>sourceTree</key>
			<string>&lt;group&gt;</string>
		</dict>
		<key>766D5F1919168517002DFDA3</key>
		<dict>
			<key>children</key>
			<array>
				<string>766D5F1A191685C1002DFDA3</string>
				<string>766D5F1B191685C1002DFDA3</string>
				<string>766D5F1519168501002DFDA3</string>
				<string>766D5F1619168501002DFDA3</string>
			</array>
			<key>isa</key>
			<string>PBXGroup</string>
			<key>name</key>
			<string>CoreDataTVC</string>
			<key>sourceTree</key>
			<string>&lt;group&gt;</string>
		</dict>
		<key>766D5F1A191685C1002DFDA3</key>
		<dict>
			<key>fileEncoding</key>
			<string>4</string>
			<key>isa</key>
			<string>PBXFileReference</string>
			<key>lastKnownFileType</key>
			<string>sourcecode.c.h</string>
			<key>path</key>
			<string>MoviesCDTVC.h</string>
			<key>sourceTree</key>
			<string>&lt;group&gt;</string>
		</dict>
		<key>766D5F1B191685C1002DFDA3</key>
		<dict>
			<key>fileEncoding</key>
			<string>4</string>
			<key>isa</key>
			<string>PBXFileReference</string>
			<key>lastKnownFileType</key>
			<string>sourcecode.c.objc</string>
			<key>path</key>
			<string>MoviesCDTVC.m</string>
			<key>sourceTree</key>
			<string>&lt;group&gt;</string>
		</dict>
		<key>766D5F1C191685C1002DFDA3</key>
		<dict>
			<key>fileRef</key>
			<string>766D5F1B191685C1002DFDA3</string>
			<key>isa</key>
			<string>PBXBuildFile</string>
		</dict>
		<key>94EDBEC4C61549B2908D9AB4</key>
		<dict>
			<key>buildActionMask</key>
			<string>2147483647</string>
			<key>files</key>
			<array/>
			<key>inputPaths</key>
			<array/>
			<key>isa</key>
			<string>PBXShellScriptBuildPhase</string>
			<key>name</key>
			<string>Copy Pods Resources</string>
			<key>outputPaths</key>
			<array/>
			<key>runOnlyForDeploymentPostprocessing</key>
			<string>0</string>
			<key>shellPath</key>
			<string>/bin/sh</string>
			<key>shellScript</key>
			<string>"${SRCROOT}/Pods/Pods-resources.sh"
</string>
			<key>showEnvVarsInLog</key>
			<string>0</string>
		</dict>
		<key>9B60677ED1E348DBAED323BC</key>
		<dict>
			<key>buildActionMask</key>
			<string>2147483647</string>
			<key>files</key>
			<array/>
			<key>inputPaths</key>
			<array/>
			<key>isa</key>
			<string>PBXShellScriptBuildPhase</string>
			<key>name</key>
			<string>Check Pods Manifest.lock</string>
			<key>outputPaths</key>
			<array/>
			<key>runOnlyForDeploymentPostprocessing</key>
			<string>0</string>
			<key>shellPath</key>
			<string>/bin/sh</string>
			<key>shellScript</key>
			<string>diff "${PODS_ROOT}/../Podfile.lock" "${PODS_ROOT}/Manifest.lock" &gt; /dev/null
if [[ $? != 0 ]] ; then
    cat &lt;&lt; EOM
error: The sandbox is not in sync with the Podfile.lock. Run 'pod install' or update your CocoaPods installation.
EOM
    exit 1
fi
</string>
			<key>showEnvVarsInLog</key>
			<string>0</string>
		</dict>
		<key>EE31D554E55447A4B4D532FE</key>
		<dict>
			<key>includeInIndex</key>
			<string>1</string>
			<key>isa</key>
			<string>PBXFileReference</string>
			<key>lastKnownFileType</key>
			<string>text.xcconfig</string>
			<key>name</key>
			<string>Pods.xcconfig</string>
			<key>path</key>
			<string>Pods/Pods.xcconfig</string>
			<key>sourceTree</key>
			<string>&lt;group&gt;</string>
		</dict>
	</dict>
	<key>rootObject</key>
	<string>766D5E9D191567DB002DFDA3</string>
</dict>
</plist>
