// !$*UTF8*$!
{
	archiveVersion = 1;
	classes = {
	};
	objectVersion = 46;
	objects = {

/* Begin PBXBuildFile section */
		4CE40D8EC728401E845304BA /* libPods.a in Frameworks */ = {isa = PBXBuildFile; fileRef = 1AA09992072C4AFC902F2C9E /* libPods.a */; };
		7660EEC51922ADA500DED9ED /* ActivityView.m in Sources */ = {isa = PBXBuildFile; fileRef = 7660EEC41922ADA500DED9ED /* ActivityView.m */; };
		766D5EA9191567DC002DFDA3 /* Foundation.framework in Frameworks */ = {isa = PBXBuildFile; fileRef = 766D5EA8191567DC002DFDA3 /* Foundation.framework */; };
		766D5EAB191567DC002DFDA3 /* CoreGraphics.framework in Frameworks */ = {isa = PBXBuildFile; fileRef = 766D5EAA191567DC002DFDA3 /* CoreGraphics.framework */; };
		766D5EAD191567DC002DFDA3 /* UIKit.framework in Frameworks */ = {isa = PBXBuildFile; fileRef = 766D5EAC191567DC002DFDA3 /* UIKit.framework */; };
		766D5EB3191567DC002DFDA3 /* InfoPlist.strings in Resources */ = {isa = PBXBuildFile; fileRef = 766D5EB1191567DC002DFDA3 /* InfoPlist.strings */; };
		766D5EB5191567DC002DFDA3 /* main.m in Sources */ = {isa = PBXBuildFile; fileRef = 766D5EB4191567DC002DFDA3 /* main.m */; };
		766D5EB9191567DC002DFDA3 /* AppDelegate.m in Sources */ = {isa = PBXBuildFile; fileRef = 766D5EB8191567DC002DFDA3 /* AppDelegate.m */; };
		766D5EBC191567DC002DFDA3 /* Main.storyboard in Resources */ = {isa = PBXBuildFile; fileRef = 766D5EBA191567DC002DFDA3 /* Main.storyboard */; };
		766D5EC1191567DC002DFDA3 /* Images.xcassets in Resources */ = {isa = PBXBuildFile; fileRef = 766D5EC0191567DC002DFDA3 /* Images.xcassets */; };
		766D5EC8191567DC002DFDA3 /* XCTest.framework in Frameworks */ = {isa = PBXBuildFile; fileRef = 766D5EC7191567DC002DFDA3 /* XCTest.framework */; };
		766D5EC9191567DC002DFDA3 /* Foundation.framework in Frameworks */ = {isa = PBXBuildFile; fileRef = 766D5EA8191567DC002DFDA3 /* Foundation.framework */; };
		766D5ECA191567DC002DFDA3 /* UIKit.framework in Frameworks */ = {isa = PBXBuildFile; fileRef = 766D5EAC191567DC002DFDA3 /* UIKit.framework */; };
		766D5ED2191567DC002DFDA3 /* InfoPlist.strings in Resources */ = {isa = PBXBuildFile; fileRef = 766D5ED0191567DC002DFDA3 /* InfoPlist.strings */; };
		766D5ED4191567DC002DFDA3 /* TenMoviesTests.m in Sources */ = {isa = PBXBuildFile; fileRef = 766D5ED3191567DC002DFDA3 /* TenMoviesTests.m */; };
		766D5EDF191585C4002DFDA3 /* TMDB.m in Sources */ = {isa = PBXBuildFile; fileRef = 766D5EDE191585C4002DFDA3 /* TMDB.m */; };
		766D5EEC19158D2D002DFDA3 /* NSArray+JSON.m in Sources */ = {isa = PBXBuildFile; fileRef = 766D5EE319158D2D002DFDA3 /* NSArray+JSON.m */; };
		766D5EED19158D2D002DFDA3 /* NSData+JSON.m in Sources */ = {isa = PBXBuildFile; fileRef = 766D5EE519158D2D002DFDA3 /* NSData+JSON.m */; };
		766D5EEE19158D2D002DFDA3 /* NSDictionary+JSON.m in Sources */ = {isa = PBXBuildFile; fileRef = 766D5EE719158D2D002DFDA3 /* NSDictionary+JSON.m */; };
		766D5EEF19158D2D002DFDA3 /* NSString+Contains.m in Sources */ = {isa = PBXBuildFile; fileRef = 766D5EE919158D2D002DFDA3 /* NSString+Contains.m */; };
		766D5EF019158D2D002DFDA3 /* NSString+Trim.m in Sources */ = {isa = PBXBuildFile; fileRef = 766D5EEB19158D2D002DFDA3 /* NSString+Trim.m */; };
		766D5EF6191591A0002DFDA3 /* TextHelper.m in Sources */ = {isa = PBXBuildFile; fileRef = 766D5EF5191591A0002DFDA3 /* TextHelper.m */; };
		766D5F1F1916C19F002DFDA3 /* HTTPClient.m in Sources */ = {isa = PBXBuildFile; fileRef = 766D5F1E1916C19F002DFDA3 /* HTTPClient.m */; };
		76F25BB6191D2FF000B730EA /* MovieList.m in Sources */ = {isa = PBXBuildFile; fileRef = 76F25BB5191D2FF000B730EA /* MovieList.m */; };
		76F25BB9191D8C0E00B730EA /* Movie.m in Sources */ = {isa = PBXBuildFile; fileRef = 76F25BB8191D8C0E00B730EA /* Movie.m */; };
		76F25BBC191FD91500B730EA /* Movie+TMDB.m in Sources */ = {isa = PBXBuildFile; fileRef = 76F25BBB191FD91500B730EA /* Movie+TMDB.m */; };
		76F25BC0191FDC6200B730EA /* TMDB+Movie.m in Sources */ = {isa = PBXBuildFile; fileRef = 76F25BBF191FDC6200B730EA /* TMDB+Movie.m */; };
		76F25BC319209E5F00B730EA /* TMDB+Image.m in Sources */ = {isa = PBXBuildFile; fileRef = 76F25BC219209E5F00B730EA /* TMDB+Image.m */; };
		76F25BC61920A00A00B730EA /* HTTPClient+RAC.m in Sources */ = {isa = PBXBuildFile; fileRef = 76F25BC51920A00A00B730EA /* HTTPClient+RAC.m */; };
/* End PBXBuildFile section */

/* Begin PBXContainerItemProxy section */
		766D5ECB191567DC002DFDA3 /* PBXContainerItemProxy */ = {
			isa = PBXContainerItemProxy;
			containerPortal = 766D5E9D191567DB002DFDA3 /* Project object */;
			proxyType = 1;
			remoteGlobalIDString = 766D5EA4191567DC002DFDA3;
			remoteInfo = TenMovies;
		};
/* End PBXContainerItemProxy section */

/* Begin PBXFileReference section */
		1AA09992072C4AFC902F2C9E /* libPods.a */ = {isa = PBXFileReference; explicitFileType = archive.ar; includeInIndex = 0; path = libPods.a; sourceTree = BUILT_PRODUCTS_DIR; };
		7660EEC31922ADA500DED9ED /* ActivityView.h */ = {isa = PBXFileReference; fileEncoding = 4; lastKnownFileType = sourcecode.c.h; path = ActivityView.h; sourceTree = "<group>"; };
		7660EEC41922ADA500DED9ED /* ActivityView.m */ = {isa = PBXFileReference; fileEncoding = 4; lastKnownFileType = sourcecode.c.objc; path = ActivityView.m; sourceTree = "<group>"; };
		766D5EA5191567DC002DFDA3 /* TenMovies.app */ = {isa = PBXFileReference; explicitFileType = wrapper.application; includeInIndex = 0; path = TenMovies.app; sourceTree = BUILT_PRODUCTS_DIR; };
		766D5EA8191567DC002DFDA3 /* Foundation.framework */ = {isa = PBXFileReference; lastKnownFileType = wrapper.framework; name = Foundation.framework; path = System/Library/Frameworks/Foundation.framework; sourceTree = SDKROOT; };
		766D5EAA191567DC002DFDA3 /* CoreGraphics.framework */ = {isa = PBXFileReference; lastKnownFileType = wrapper.framework; name = CoreGraphics.framework; path = System/Library/Frameworks/CoreGraphics.framework; sourceTree = SDKROOT; };
		766D5EAC191567DC002DFDA3 /* UIKit.framework */ = {isa = PBXFileReference; lastKnownFileType = wrapper.framework; name = UIKit.framework; path = System/Library/Frameworks/UIKit.framework; sourceTree = SDKROOT; };
		766D5EB0191567DC002DFDA3 /* TenMovies-Info.plist */ = {isa = PBXFileReference; lastKnownFileType = text.plist.xml; path = "TenMovies-Info.plist"; sourceTree = "<group>"; };
		766D5EB2191567DC002DFDA3 /* en */ = {isa = PBXFileReference; lastKnownFileType = text.plist.strings; name = en; path = en.lproj/InfoPlist.strings; sourceTree = "<group>"; };
		766D5EB4191567DC002DFDA3 /* main.m */ = {isa = PBXFileReference; lastKnownFileType = sourcecode.c.objc; path = main.m; sourceTree = "<group>"; };
		766D5EB6191567DC002DFDA3 /* TenMovies-Prefix.pch */ = {isa = PBXFileReference; lastKnownFileType = sourcecode.c.h; path = "TenMovies-Prefix.pch"; sourceTree = "<group>"; };
		766D5EB7191567DC002DFDA3 /* AppDelegate.h */ = {isa = PBXFileReference; lastKnownFileType = sourcecode.c.h; path = AppDelegate.h; sourceTree = "<group>"; };
		766D5EB8191567DC002DFDA3 /* AppDelegate.m */ = {isa = PBXFileReference; lastKnownFileType = sourcecode.c.objc; path = AppDelegate.m; sourceTree = "<group>"; };
		766D5EBB191567DC002DFDA3 /* Base */ = {isa = PBXFileReference; lastKnownFileType = file.storyboard; name = Base; path = Base.lproj/Main.storyboard; sourceTree = "<group>"; };
		766D5EC0191567DC002DFDA3 /* Images.xcassets */ = {isa = PBXFileReference; lastKnownFileType = folder.assetcatalog; path = Images.xcassets; sourceTree = "<group>"; };
		766D5EC6191567DC002DFDA3 /* TenMoviesTests.xctest */ = {isa = PBXFileReference; explicitFileType = wrapper.cfbundle; includeInIndex = 0; path = TenMoviesTests.xctest; sourceTree = BUILT_PRODUCTS_DIR; };
		766D5EC7191567DC002DFDA3 /* XCTest.framework */ = {isa = PBXFileReference; lastKnownFileType = wrapper.framework; name = XCTest.framework; path = Library/Frameworks/XCTest.framework; sourceTree = DEVELOPER_DIR; };
		766D5ECF191567DC002DFDA3 /* TenMoviesTests-Info.plist */ = {isa = PBXFileReference; lastKnownFileType = text.plist.xml; path = "TenMoviesTests-Info.plist"; sourceTree = "<group>"; };
		766D5ED1191567DC002DFDA3 /* en */ = {isa = PBXFileReference; lastKnownFileType = text.plist.strings; name = en; path = en.lproj/InfoPlist.strings; sourceTree = "<group>"; };
		766D5ED3191567DC002DFDA3 /* TenMoviesTests.m */ = {isa = PBXFileReference; lastKnownFileType = sourcecode.c.objc; path = TenMoviesTests.m; sourceTree = "<group>"; };
		766D5EDD191585C4002DFDA3 /* TMDB.h */ = {isa = PBXFileReference; fileEncoding = 4; lastKnownFileType = sourcecode.c.h; name = TMDB.h; path = MovieFetcher/TMDB.h; sourceTree = "<group>"; };
		766D5EDE191585C4002DFDA3 /* TMDB.m */ = {isa = PBXFileReference; fileEncoding = 4; lastKnownFileType = sourcecode.c.objc; name = TMDB.m; path = MovieFetcher/TMDB.m; sourceTree = "<group>"; };
		766D5EE11915862A002DFDA3 /* TMDBAPIKey.h */ = {isa = PBXFileReference; fileEncoding = 4; lastKnownFileType = sourcecode.c.h; name = TMDBAPIKey.h; path = MovieFetcher/TMDBAPIKey.h; sourceTree = "<group>"; };
		766D5EE219158D2D002DFDA3 /* NSArray+JSON.h */ = {isa = PBXFileReference; fileEncoding = 4; lastKnownFileType = sourcecode.c.h; path = "NSArray+JSON.h"; sourceTree = "<group>"; };
		766D5EE319158D2D002DFDA3 /* NSArray+JSON.m */ = {isa = PBXFileReference; fileEncoding = 4; lastKnownFileType = sourcecode.c.objc; path = "NSArray+JSON.m"; sourceTree = "<group>"; };
		766D5EE419158D2D002DFDA3 /* NSData+JSON.h */ = {isa = PBXFileReference; fileEncoding = 4; lastKnownFileType = sourcecode.c.h; path = "NSData+JSON.h"; sourceTree = "<group>"; };
		766D5EE519158D2D002DFDA3 /* NSData+JSON.m */ = {isa = PBXFileReference; fileEncoding = 4; lastKnownFileType = sourcecode.c.objc; path = "NSData+JSON.m"; sourceTree = "<group>"; };
		766D5EE619158D2D002DFDA3 /* NSDictionary+JSON.h */ = {isa = PBXFileReference; fileEncoding = 4; lastKnownFileType = sourcecode.c.h; path = "NSDictionary+JSON.h"; sourceTree = "<group>"; };
		766D5EE719158D2D002DFDA3 /* NSDictionary+JSON.m */ = {isa = PBXFileReference; fileEncoding = 4; lastKnownFileType = sourcecode.c.objc; path = "NSDictionary+JSON.m"; sourceTree = "<group>"; };
		766D5EE819158D2D002DFDA3 /* NSString+Contains.h */ = {isa = PBXFileReference; fileEncoding = 4; lastKnownFileType = sourcecode.c.h; path = "NSString+Contains.h"; sourceTree = "<group>"; };
		766D5EE919158D2D002DFDA3 /* NSString+Contains.m */ = {isa = PBXFileReference; fileEncoding = 4; lastKnownFileType = sourcecode.c.objc; path = "NSString+Contains.m"; sourceTree = "<group>"; };
		766D5EEA19158D2D002DFDA3 /* NSString+Trim.h */ = {isa = PBXFileReference; fileEncoding = 4; lastKnownFileType = sourcecode.c.h; path = "NSString+Trim.h"; sourceTree = "<group>"; };
		766D5EEB19158D2D002DFDA3 /* NSString+Trim.m */ = {isa = PBXFileReference; fileEncoding = 4; lastKnownFileType = sourcecode.c.objc; path = "NSString+Trim.m"; sourceTree = "<group>"; };
		766D5EF319158F29002DFDA3 /* Logging.h */ = {isa = PBXFileReference; fileEncoding = 4; lastKnownFileType = sourcecode.c.h; path = Logging.h; sourceTree = "<group>"; };
		766D5EF4191591A0002DFDA3 /* TextHelper.h */ = {isa = PBXFileReference; fileEncoding = 4; lastKnownFileType = sourcecode.c.h; path = TextHelper.h; sourceTree = "<group>"; };
		766D5EF5191591A0002DFDA3 /* TextHelper.m */ = {isa = PBXFileReference; fileEncoding = 4; lastKnownFileType = sourcecode.c.objc; path = TextHelper.m; sourceTree = "<group>"; };
		766D5F1D1916C19F002DFDA3 /* HTTPClient.h */ = {isa = PBXFileReference; fileEncoding = 4; lastKnownFileType = sourcecode.c.h; path = HTTPClient.h; sourceTree = "<group>"; };
		766D5F1E1916C19F002DFDA3 /* HTTPClient.m */ = {isa = PBXFileReference; fileEncoding = 4; lastKnownFileType = sourcecode.c.objc; path = HTTPClient.m; sourceTree = "<group>"; };
		76F25BB4191D2FF000B730EA /* MovieList.h */ = {isa = PBXFileReference; fileEncoding = 4; lastKnownFileType = sourcecode.c.h; path = MovieList.h; sourceTree = "<group>"; };
		76F25BB5191D2FF000B730EA /* MovieList.m */ = {isa = PBXFileReference; fileEncoding = 4; lastKnownFileType = sourcecode.c.objc; path = MovieList.m; sourceTree = "<group>"; };
		76F25BB7191D8C0E00B730EA /* Movie.h */ = {isa = PBXFileReference; fileEncoding = 4; lastKnownFileType = sourcecode.c.h; path = Movie.h; sourceTree = "<group>"; };
		76F25BB8191D8C0E00B730EA /* Movie.m */ = {isa = PBXFileReference; fileEncoding = 4; lastKnownFileType = sourcecode.c.objc; path = Movie.m; sourceTree = "<group>"; };
		76F25BBA191FD91500B730EA /* Movie+TMDB.h */ = {isa = PBXFileReference; fileEncoding = 4; lastKnownFileType = sourcecode.c.h; path = "Movie+TMDB.h"; sourceTree = "<group>"; };
		76F25BBB191FD91500B730EA /* Movie+TMDB.m */ = {isa = PBXFileReference; fileEncoding = 4; lastKnownFileType = sourcecode.c.objc; path = "Movie+TMDB.m"; sourceTree = "<group>"; };
		76F25BBE191FDC6200B730EA /* TMDB+Movie.h */ = {isa = PBXFileReference; fileEncoding = 4; lastKnownFileType = sourcecode.c.h; path = "TMDB+Movie.h"; sourceTree = "<group>"; };
		76F25BBF191FDC6200B730EA /* TMDB+Movie.m */ = {isa = PBXFileReference; fileEncoding = 4; lastKnownFileType = sourcecode.c.objc; path = "TMDB+Movie.m"; sourceTree = "<group>"; };
		76F25BC119209E5F00B730EA /* TMDB+Image.h */ = {isa = PBXFileReference; fileEncoding = 4; lastKnownFileType = sourcecode.c.h; path = "TMDB+Image.h"; sourceTree = "<group>"; };
		76F25BC219209E5F00B730EA /* TMDB+Image.m */ = {isa = PBXFileReference; fileEncoding = 4; lastKnownFileType = sourcecode.c.objc; path = "TMDB+Image.m"; sourceTree = "<group>"; };
		76F25BC41920A00A00B730EA /* HTTPClient+RAC.h */ = {isa = PBXFileReference; fileEncoding = 4; lastKnownFileType = sourcecode.c.h; path = "HTTPClient+RAC.h"; sourceTree = "<group>"; };
		76F25BC51920A00A00B730EA /* HTTPClient+RAC.m */ = {isa = PBXFileReference; fileEncoding = 4; lastKnownFileType = sourcecode.c.objc; path = "HTTPClient+RAC.m"; sourceTree = "<group>"; };
		EE31D554E55447A4B4D532FE /* Pods.xcconfig */ = {isa = PBXFileReference; includeInIndex = 1; lastKnownFileType = text.xcconfig; name = Pods.xcconfig; path = Pods/Pods.xcconfig; sourceTree = "<group>"; };
/* End PBXFileReference section */

/* Begin PBXFrameworksBuildPhase section */
		766D5EA2191567DC002DFDA3 /* Frameworks */ = {
			isa = PBXFrameworksBuildPhase;
			buildActionMask = 2147483647;
			files = (
				766D5EAB191567DC002DFDA3 /* CoreGraphics.framework in Frameworks */,
				766D5EAD191567DC002DFDA3 /* UIKit.framework in Frameworks */,
				766D5EA9191567DC002DFDA3 /* Foundation.framework in Frameworks */,
				4CE40D8EC728401E845304BA /* libPods.a in Frameworks */,
			);
			runOnlyForDeploymentPostprocessing = 0;
		};
		766D5EC3191567DC002DFDA3 /* Frameworks */ = {
			isa = PBXFrameworksBuildPhase;
			buildActionMask = 2147483647;
			files = (
				766D5EC8191567DC002DFDA3 /* XCTest.framework in Frameworks */,
				766D5ECA191567DC002DFDA3 /* UIKit.framework in Frameworks */,
				766D5EC9191567DC002DFDA3 /* Foundation.framework in Frameworks */,
			);
			runOnlyForDeploymentPostprocessing = 0;
		};
/* End PBXFrameworksBuildPhase section */

/* Begin PBXGroup section */
		766D5E9C191567DB002DFDA3 = {
			isa = PBXGroup;
			children = (
				766D5EAE191567DC002DFDA3 /* TenMovies */,
				766D5ECD191567DC002DFDA3 /* TenMoviesTests */,
				766D5EA7191567DC002DFDA3 /* Frameworks */,
				766D5EA6191567DC002DFDA3 /* Products */,
				EE31D554E55447A4B4D532FE /* Pods.xcconfig */,
			);
			sourceTree = "<group>";
		};
		766D5EA6191567DC002DFDA3 /* Products */ = {
			isa = PBXGroup;
			children = (
				766D5EA5191567DC002DFDA3 /* TenMovies.app */,
				766D5EC6191567DC002DFDA3 /* TenMoviesTests.xctest */,
			);
			name = Products;
			sourceTree = "<group>";
		};
		766D5EA7191567DC002DFDA3 /* Frameworks */ = {
			isa = PBXGroup;
			children = (
				766D5EA8191567DC002DFDA3 /* Foundation.framework */,
				766D5EAA191567DC002DFDA3 /* CoreGraphics.framework */,
				766D5EAC191567DC002DFDA3 /* UIKit.framework */,
				766D5EC7191567DC002DFDA3 /* XCTest.framework */,
				1AA09992072C4AFC902F2C9E /* libPods.a */,
			);
			name = Frameworks;
			sourceTree = "<group>";
		};
		766D5EAE191567DC002DFDA3 /* TenMovies */ = {
			isa = PBXGroup;
			children = (
				766D5EBA191567DC002DFDA3 /* Main.storyboard */,
				766D5EB7191567DC002DFDA3 /* AppDelegate.h */,
				766D5EB8191567DC002DFDA3 /* AppDelegate.m */,
				76F25BB4191D2FF000B730EA /* MovieList.h */,
				76F25BB5191D2FF000B730EA /* MovieList.m */,
				7660EEC31922ADA500DED9ED /* ActivityView.h */,
				7660EEC41922ADA500DED9ED /* ActivityView.m */,
				76F25BBD191FDA1600B730EA /* Model */,
				766D5F201916C4A1002DFDA3 /* HTTPClient */,
				766D5EE0191585D3002DFDA3 /* TMDB */,
				766D5EF719159316002DFDA3 /* Convenience */,
				766D5EAF191567DC002DFDA3 /* Supporting Files */,
			);
			path = TenMovies;
			sourceTree = "<group>";
		};
		766D5EAF191567DC002DFDA3 /* Supporting Files */ = {
			isa = PBXGroup;
			children = (
				766D5EC0191567DC002DFDA3 /* Images.xcassets */,
				766D5EB0191567DC002DFDA3 /* TenMovies-Info.plist */,
				766D5EB1191567DC002DFDA3 /* InfoPlist.strings */,
				766D5EB4191567DC002DFDA3 /* main.m */,
				766D5EB6191567DC002DFDA3 /* TenMovies-Prefix.pch */,
			);
			name = "Supporting Files";
			sourceTree = "<group>";
		};
		766D5ECD191567DC002DFDA3 /* TenMoviesTests */ = {
			isa = PBXGroup;
			children = (
				766D5ED3191567DC002DFDA3 /* TenMoviesTests.m */,
				766D5ECE191567DC002DFDA3 /* Supporting Files */,
			);
			path = TenMoviesTests;
			sourceTree = "<group>";
		};
		766D5ECE191567DC002DFDA3 /* Supporting Files */ = {
			isa = PBXGroup;
			children = (
				766D5ECF191567DC002DFDA3 /* TenMoviesTests-Info.plist */,
				766D5ED0191567DC002DFDA3 /* InfoPlist.strings */,
			);
			name = "Supporting Files";
			sourceTree = "<group>";
		};
		766D5EE0191585D3002DFDA3 /* TMDB */ = {
			isa = PBXGroup;
			children = (
				766D5EE11915862A002DFDA3 /* TMDBAPIKey.h */,
				766D5EDD191585C4002DFDA3 /* TMDB.h */,
				766D5EDE191585C4002DFDA3 /* TMDB.m */,
				76F25BBE191FDC6200B730EA /* TMDB+Movie.h */,
				76F25BBF191FDC6200B730EA /* TMDB+Movie.m */,
				76F25BC119209E5F00B730EA /* TMDB+Image.h */,
				76F25BC219209E5F00B730EA /* TMDB+Image.m */,
			);
			name = TMDB;
			sourceTree = "<group>";
		};
		766D5EF119158D34002DFDA3 /* Categories */ = {
			isa = PBXGroup;
			children = (
				766D5EE219158D2D002DFDA3 /* NSArray+JSON.h */,
				766D5EE319158D2D002DFDA3 /* NSArray+JSON.m */,
				766D5EE419158D2D002DFDA3 /* NSData+JSON.h */,
				766D5EE519158D2D002DFDA3 /* NSData+JSON.m */,
				766D5EE619158D2D002DFDA3 /* NSDictionary+JSON.h */,
				766D5EE719158D2D002DFDA3 /* NSDictionary+JSON.m */,
				766D5EE819158D2D002DFDA3 /* NSString+Contains.h */,
				766D5EE919158D2D002DFDA3 /* NSString+Contains.m */,
				766D5EEA19158D2D002DFDA3 /* NSString+Trim.h */,
				766D5EEB19158D2D002DFDA3 /* NSString+Trim.m */,
			);
			name = Categories;
			sourceTree = "<group>";
		};
		766D5EF719159316002DFDA3 /* Convenience */ = {
			isa = PBXGroup;
			children = (
				766D5EF319158F29002DFDA3 /* Logging.h */,
				766D5EF4191591A0002DFDA3 /* TextHelper.h */,
				766D5EF5191591A0002DFDA3 /* TextHelper.m */,
				766D5EF119158D34002DFDA3 /* Categories */,
			);
			name = Convenience;
			sourceTree = "<group>";
		};
		766D5F201916C4A1002DFDA3 /* HTTPClient */ = {
			isa = PBXGroup;
			children = (
				766D5F1D1916C19F002DFDA3 /* HTTPClient.h */,
				766D5F1E1916C19F002DFDA3 /* HTTPClient.m */,
				76F25BC41920A00A00B730EA /* HTTPClient+RAC.h */,
				76F25BC51920A00A00B730EA /* HTTPClient+RAC.m */,
			);
			name = HTTPClient;
			sourceTree = "<group>";
		};
		76F25BBD191FDA1600B730EA /* Model */ = {
			isa = PBXGroup;
			children = (
				76F25BB7191D8C0E00B730EA /* Movie.h */,
				76F25BB8191D8C0E00B730EA /* Movie.m */,
				76F25BBA191FD91500B730EA /* Movie+TMDB.h */,
				76F25BBB191FD91500B730EA /* Movie+TMDB.m */,
			);
			name = Model;
			sourceTree = "<group>";
		};
/* End PBXGroup section */

/* Begin PBXNativeTarget section */
		766D5EA4191567DC002DFDA3 /* TenMovies */ = {
			isa = PBXNativeTarget;
			buildConfigurationList = 766D5ED7191567DC002DFDA3 /* Build configuration list for PBXNativeTarget "TenMovies" */;
			buildPhases = (
				9B60677ED1E348DBAED323BC /* Check Pods Manifest.lock */,
				766D5EA1191567DC002DFDA3 /* Sources */,
				766D5EA2191567DC002DFDA3 /* Frameworks */,
				766D5EA3191567DC002DFDA3 /* Resources */,
				94EDBEC4C61549B2908D9AB4 /* Copy Pods Resources */,
			);
			buildRules = (
			);
			dependencies = (
			);
			name = TenMovies;
			productName = TenMovies;
			productReference = 766D5EA5191567DC002DFDA3 /* TenMovies.app */;
			productType = "com.apple.product-type.application";
		};
		766D5EC5191567DC002DFDA3 /* TenMoviesTests */ = {
			isa = PBXNativeTarget;
			buildConfigurationList = 766D5EDA191567DC002DFDA3 /* Build configuration list for PBXNativeTarget "TenMoviesTests" */;
			buildPhases = (
				766D5EC2191567DC002DFDA3 /* Sources */,
				766D5EC3191567DC002DFDA3 /* Frameworks */,
				766D5EC4191567DC002DFDA3 /* Resources */,
			);
			buildRules = (
			);
			dependencies = (
				766D5ECC191567DC002DFDA3 /* PBXTargetDependency */,
			);
			name = TenMoviesTests;
			productName = TenMoviesTests;
			productReference = 766D5EC6191567DC002DFDA3 /* TenMoviesTests.xctest */;
			productType = "com.apple.product-type.bundle.unit-test";
		};
/* End PBXNativeTarget section */

/* Begin PBXProject section */
		766D5E9D191567DB002DFDA3 /* Project object */ = {
			isa = PBXProject;
			attributes = {
				LastUpgradeCheck = 0510;
				ORGANIZATIONNAME = "Scott Kensell";
				TargetAttributes = {
					766D5EC5191567DC002DFDA3 = {
						TestTargetID = 766D5EA4191567DC002DFDA3;
					};
				};
			};
			buildConfigurationList = 766D5EA0191567DC002DFDA3 /* Build configuration list for PBXProject "TenMovies" */;
			compatibilityVersion = "Xcode 3.2";
			developmentRegion = English;
			hasScannedForEncodings = 0;
			knownRegions = (
				en,
				Base,
			);
			mainGroup = 766D5E9C191567DB002DFDA3;
			productRefGroup = 766D5EA6191567DC002DFDA3 /* Products */;
			projectDirPath = "";
			projectRoot = "";
			targets = (
				766D5EA4191567DC002DFDA3 /* TenMovies */,
				766D5EC5191567DC002DFDA3 /* TenMoviesTests */,
			);
		};
/* End PBXProject section */

/* Begin PBXResourcesBuildPhase section */
		766D5EA3191567DC002DFDA3 /* Resources */ = {
			isa = PBXResourcesBuildPhase;
			buildActionMask = 2147483647;
			files = (
				766D5EC1191567DC002DFDA3 /* Images.xcassets in Resources */,
				766D5EB3191567DC002DFDA3 /* InfoPlist.strings in Resources */,
				766D5EBC191567DC002DFDA3 /* Main.storyboard in Resources */,
			);
			runOnlyForDeploymentPostprocessing = 0;
		};
		766D5EC4191567DC002DFDA3 /* Resources */ = {
			isa = PBXResourcesBuildPhase;
			buildActionMask = 2147483647;
			files = (
				766D5ED2191567DC002DFDA3 /* InfoPlist.strings in Resources */,
			);
			runOnlyForDeploymentPostprocessing = 0;
		};
/* End PBXResourcesBuildPhase section */

/* Begin PBXShellScriptBuildPhase section */
		94EDBEC4C61549B2908D9AB4 /* Copy Pods Resources */ = {
			isa = PBXShellScriptBuildPhase;
			buildActionMask = 2147483647;
			files = (
			);
			inputPaths = (
			);
			name = "Copy Pods Resources";
			outputPaths = (
			);
			runOnlyForDeploymentPostprocessing = 0;
			shellPath = /bin/sh;
			shellScript = "\"${SRCROOT}/Pods/Pods-resources.sh\"\n";
			showEnvVarsInLog = 0;
		};
		9B60677ED1E348DBAED323BC /* Check Pods Manifest.lock */ = {
			isa = PBXShellScriptBuildPhase;
			buildActionMask = 2147483647;
			files = (
			);
			inputPaths = (
			);
			name = "Check Pods Manifest.lock";
			outputPaths = (
			);
			runOnlyForDeploymentPostprocessing = 0;
			shellPath = /bin/sh;
			shellScript = "diff \"${PODS_ROOT}/../Podfile.lock\" \"${PODS_ROOT}/Manifest.lock\" > /dev/null\nif [[ $? != 0 ]] ; then\n    cat << EOM\nerror: The sandbox is not in sync with the Podfile.lock. Run 'pod install' or update your CocoaPods installation.\nEOM\n    exit 1\nfi\n";
			showEnvVarsInLog = 0;
		};
/* End PBXShellScriptBuildPhase section */

/* Begin PBXSourcesBuildPhase section */
		766D5EA1191567DC002DFDA3 /* Sources */ = {
			isa = PBXSourcesBuildPhase;
			buildActionMask = 2147483647;
			files = (
				766D5EEF19158D2D002DFDA3 /* NSString+Contains.m in Sources */,
				76F25BB6191D2FF000B730EA /* MovieList.m in Sources */,
				766D5F1F1916C19F002DFDA3 /* HTTPClient.m in Sources */,
				766D5EEC19158D2D002DFDA3 /* NSArray+JSON.m in Sources */,
				766D5EB9191567DC002DFDA3 /* AppDelegate.m in Sources */,
				766D5EF6191591A0002DFDA3 /* TextHelper.m in Sources */,
				76F25BB9191D8C0E00B730EA /* Movie.m in Sources */,
				76F25BC319209E5F00B730EA /* TMDB+Image.m in Sources */,
				766D5EF019158D2D002DFDA3 /* NSString+Trim.m in Sources */,
				766D5EEE19158D2D002DFDA3 /* NSDictionary+JSON.m in Sources */,
				766D5EDF191585C4002DFDA3 /* TMDB.m in Sources */,
				76F25BC61920A00A00B730EA /* HTTPClient+RAC.m in Sources */,
				766D5EED19158D2D002DFDA3 /* NSData+JSON.m in Sources */,
				76F25BC0191FDC6200B730EA /* TMDB+Movie.m in Sources */,
				76F25BBC191FD91500B730EA /* Movie+TMDB.m in Sources */,
				7660EEC51922ADA500DED9ED /* ActivityView.m in Sources */,
				766D5EB5191567DC002DFDA3 /* main.m in Sources */,
			);
			runOnlyForDeploymentPostprocessing = 0;
		};
		766D5EC2191567DC002DFDA3 /* Sources */ = {
			isa = PBXSourcesBuildPhase;
			buildActionMask = 2147483647;
			files = (
				766D5ED4191567DC002DFDA3 /* TenMoviesTests.m in Sources */,
			);
			runOnlyForDeploymentPostprocessing = 0;
		};
/* End PBXSourcesBuildPhase section */

/* Begin PBXTargetDependency section */
		766D5ECC191567DC002DFDA3 /* PBXTargetDependency */ = {
			isa = PBXTargetDependency;
			target = 766D5EA4191567DC002DFDA3 /* TenMovies */;
			targetProxy = 766D5ECB191567DC002DFDA3 /* PBXContainerItemProxy */;
		};
/* End PBXTargetDependency section */

/* Begin PBXVariantGroup section */
		766D5EB1191567DC002DFDA3 /* InfoPlist.strings */ = {
			isa = PBXVariantGroup;
			children = (
				766D5EB2191567DC002DFDA3 /* en */,
			);
			name = InfoPlist.strings;
			sourceTree = "<group>";
		};
		766D5EBA191567DC002DFDA3 /* Main.storyboard */ = {
			isa = PBXVariantGroup;
			children = (
				766D5EBB191567DC002DFDA3 /* Base */,
			);
			name = Main.storyboard;
			sourceTree = "<group>";
		};
		766D5ED0191567DC002DFDA3 /* InfoPlist.strings */ = {
			isa = PBXVariantGroup;
			children = (
				766D5ED1191567DC002DFDA3 /* en */,
			);
			name = InfoPlist.strings;
			sourceTree = "<group>";
		};
/* End PBXVariantGroup section */

/* Begin XCBuildConfiguration section */
		766D5ED5191567DC002DFDA3 /* Debug */ = {
			isa = XCBuildConfiguration;
			buildSettings = {
				ALWAYS_SEARCH_USER_PATHS = NO;
				CLANG_CXX_LANGUAGE_STANDARD = "gnu++0x";
				CLANG_CXX_LIBRARY = "libc++";
				CLANG_ENABLE_MODULES = YES;
				CLANG_ENABLE_OBJC_ARC = YES;
				CLANG_WARN_BOOL_CONVERSION = YES;
				CLANG_WARN_CONSTANT_CONVERSION = YES;
				CLANG_WARN_DIRECT_OBJC_ISA_USAGE = YES_ERROR;
				CLANG_WARN_EMPTY_BODY = YES;
				CLANG_WARN_ENUM_CONVERSION = YES;
				CLANG_WARN_INT_CONVERSION = YES;
				CLANG_WARN_OBJC_ROOT_CLASS = YES_ERROR;
				CLANG_WARN__DUPLICATE_METHOD_MATCH = YES;
				"CODE_SIGN_IDENTITY[sdk=iphoneos*]" = "iPhone Developer";
				COPY_PHASE_STRIP = NO;
				GCC_C_LANGUAGE_STANDARD = gnu99;
				GCC_DYNAMIC_NO_PIC = NO;
				GCC_OPTIMIZATION_LEVEL = 0;
				GCC_PREPROCESSOR_DEFINITIONS = (
					"DEBUG=1",
					"$(inherited)",
				);
				GCC_SYMBOLS_PRIVATE_EXTERN = NO;
				GCC_WARN_64_TO_32_BIT_CONVERSION = YES;
				GCC_WARN_ABOUT_RETURN_TYPE = YES_ERROR;
				GCC_WARN_UNDECLARED_SELECTOR = YES;
				GCC_WARN_UNINITIALIZED_AUTOS = YES_AGGRESSIVE;
				GCC_WARN_UNUSED_FUNCTION = YES;
				GCC_WARN_UNUSED_VARIABLE = YES;
				IPHONEOS_DEPLOYMENT_TARGET = 7.1;
				ONLY_ACTIVE_ARCH = YES;
				SDKROOT = iphoneos;
			};
			name = Debug;
		};
		766D5ED6191567DC002DFDA3 /* Release */ = {
			isa = XCBuildConfiguration;
			buildSettings = {
				ALWAYS_SEARCH_USER_PATHS = NO;
				CLANG_CXX_LANGUAGE_STANDARD = "gnu++0x";
				CLANG_CXX_LIBRARY = "libc++";
				CLANG_ENABLE_MODULES = YES;
				CLANG_ENABLE_OBJC_ARC = YES;
				CLANG_WARN_BOOL_CONVERSION = YES;
				CLANG_WARN_CONSTANT_CONVERSION = YES;
				CLANG_WARN_DIRECT_OBJC_ISA_USAGE = YES_ERROR;
				CLANG_WARN_EMPTY_BODY = YES;
				CLANG_WARN_ENUM_CONVERSION = YES;
				CLANG_WARN_INT_CONVERSION = YES;
				CLANG_WARN_OBJC_ROOT_CLASS = YES_ERROR;
				CLANG_WARN__DUPLICATE_METHOD_MATCH = YES;
				"CODE_SIGN_IDENTITY[sdk=iphoneos*]" = "iPhone Developer";
				COPY_PHASE_STRIP = YES;
				ENABLE_NS_ASSERTIONS = NO;
				GCC_C_LANGUAGE_STANDARD = gnu99;
				GCC_WARN_64_TO_32_BIT_CONVERSION = YES;
				GCC_WARN_ABOUT_RETURN_TYPE = YES_ERROR;
				GCC_WARN_UNDECLARED_SELECTOR = YES;
				GCC_WARN_UNINITIALIZED_AUTOS = YES_AGGRESSIVE;
				GCC_WARN_UNUSED_FUNCTION = YES;
				GCC_WARN_UNUSED_VARIABLE = YES;
				IPHONEOS_DEPLOYMENT_TARGET = 7.1;
				SDKROOT = iphoneos;
				VALIDATE_PRODUCT = YES;
			};
			name = Release;
		};
		766D5ED8191567DC002DFDA3 /* Debug */ = {
			isa = XCBuildConfiguration;
			baseConfigurationReference = EE31D554E55447A4B4D532FE /* Pods.xcconfig */;
			buildSettings = {
				ASSETCATALOG_COMPILER_APPICON_NAME = AppIcon;
				ASSETCATALOG_COMPILER_LAUNCHIMAGE_NAME = LaunchImage;
				GCC_PRECOMPILE_PREFIX_HEADER = YES;
				GCC_PREFIX_HEADER = "TenMovies/TenMovies-Prefix.pch";
				INFOPLIST_FILE = "TenMovies/TenMovies-Info.plist";
				PRODUCT_NAME = "$(TARGET_NAME)";
				WRAPPER_EXTENSION = app;
			};
			name = Debug;
		};
		766D5ED9191567DC002DFDA3 /* Release */ = {
			isa = XCBuildConfiguration;
			baseConfigurationReference = EE31D554E55447A4B4D532FE /* Pods.xcconfig */;
			buildSettings = {
				ASSETCATALOG_COMPILER_APPICON_NAME = AppIcon;
				ASSETCATALOG_COMPILER_LAUNCHIMAGE_NAME = LaunchImage;
				GCC_PRECOMPILE_PREFIX_HEADER = YES;
				GCC_PREFIX_HEADER = "TenMovies/TenMovies-Prefix.pch";
				INFOPLIST_FILE = "TenMovies/TenMovies-Info.plist";
				PRODUCT_NAME = "$(TARGET_NAME)";
				WRAPPER_EXTENSION = app;
			};
			name = Release;
		};
		766D5EDB191567DC002DFDA3 /* Debug */ = {
			isa = XCBuildConfiguration;
			buildSettings = {
				BUNDLE_LOADER = "$(BUILT_PRODUCTS_DIR)/TenMovies.app/TenMovies";
				FRAMEWORK_SEARCH_PATHS = (
					"$(SDKROOT)/Developer/Library/Frameworks",
					"$(inherited)",
					"$(DEVELOPER_FRAMEWORKS_DIR)",
				);
				GCC_PRECOMPILE_PREFIX_HEADER = YES;
				GCC_PREFIX_HEADER = "TenMovies/TenMovies-Prefix.pch";
				GCC_PREPROCESSOR_DEFINITIONS = (
					"DEBUG=1",
					"$(inherited)",
				);
				INFOPLIST_FILE = "TenMoviesTests/TenMoviesTests-Info.plist";
				PRODUCT_NAME = "$(TARGET_NAME)";
				TEST_HOST = "$(BUNDLE_LOADER)";
				WRAPPER_EXTENSION = xctest;
			};
			name = Debug;
		};
		766D5EDC191567DC002DFDA3 /* Release */ = {
			isa = XCBuildConfiguration;
			buildSettings = {
				BUNDLE_LOADER = "$(BUILT_PRODUCTS_DIR)/TenMovies.app/TenMovies";
				FRAMEWORK_SEARCH_PATHS = (
					"$(SDKROOT)/Developer/Library/Frameworks",
					"$(inherited)",
					"$(DEVELOPER_FRAMEWORKS_DIR)",
				);
				GCC_PRECOMPILE_PREFIX_HEADER = YES;
				GCC_PREFIX_HEADER = "TenMovies/TenMovies-Prefix.pch";
				INFOPLIST_FILE = "TenMoviesTests/TenMoviesTests-Info.plist";
				PRODUCT_NAME = "$(TARGET_NAME)";
				TEST_HOST = "$(BUNDLE_LOADER)";
				WRAPPER_EXTENSION = xctest;
			};
			name = Release;
		};
/* End XCBuildConfiguration section */

/* Begin XCConfigurationList section */
		766D5EA0191567DC002DFDA3 /* Build configuration list for PBXProject "TenMovies" */ = {
			isa = XCConfigurationList;
			buildConfigurations = (
				766D5ED5191567DC002DFDA3 /* Debug */,
				766D5ED6191567DC002DFDA3 /* Release */,
			);
			defaultConfigurationIsVisible = 0;
			defaultConfigurationName = Release;
		};
		766D5ED7191567DC002DFDA3 /* Build configuration list for PBXNativeTarget "TenMovies" */ = {
			isa = XCConfigurationList;
			buildConfigurations = (
				766D5ED8191567DC002DFDA3 /* Debug */,
				766D5ED9191567DC002DFDA3 /* Release */,
			);
			defaultConfigurationIsVisible = 0;
			defaultConfigurationName = Release;
		};
		766D5EDA191567DC002DFDA3 /* Build configuration list for PBXNativeTarget "TenMoviesTests" */ = {
			isa = XCConfigurationList;
			buildConfigurations = (
				766D5EDB191567DC002DFDA3 /* Debug */,
				766D5EDC191567DC002DFDA3 /* Release */,
			);
			defaultConfigurationIsVisible = 0;
			defaultConfigurationName = Release;
		};
/* End XCConfigurationList section */
	};
	rootObject = 766D5E9D191567DB002DFDA3 /* Project object */;
}
